// !$*UTF8*$!
{
	archiveVersion = 1;
	classes = {
	};
	objectVersion = 50;
	objects = {

/* Begin PBXBuildFile section */
		6E4D4DC524997698002E980E /* TendApp WatchKit App.app in Embed Watch Content */ = {isa = PBXBuildFile; fileRef = 6E4D4DC424997698002E980E /* TendApp WatchKit App.app */; settings = {ATTRIBUTES = (RemoveHeadersOnCopy, ); }; };
		6E4D4DCB24997698002E980E /* Interface.storyboard in Resources */ = {isa = PBXBuildFile; fileRef = 6E4D4DC924997698002E980E /* Interface.storyboard */; };
		6E4D4DCD2499769A002E980E /* Assets.xcassets in Resources */ = {isa = PBXBuildFile; fileRef = 6E4D4DCC2499769A002E980E /* Assets.xcassets */; };
		6E4D4DD42499769A002E980E /* TendApp WatchKit Extension.appex in Embed App Extensions */ = {isa = PBXBuildFile; fileRef = 6E4D4DD32499769A002E980E /* TendApp WatchKit Extension.appex */; settings = {ATTRIBUTES = (RemoveHeadersOnCopy, ); }; };
		6E4D4DD92499769A002E980E /* InterfaceController.swift in Sources */ = {isa = PBXBuildFile; fileRef = 6E4D4DD82499769A002E980E /* InterfaceController.swift */; };
		6E4D4DDB2499769A002E980E /* ExtensionDelegate.swift in Sources */ = {isa = PBXBuildFile; fileRef = 6E4D4DDA2499769A002E980E /* ExtensionDelegate.swift */; };
		6E4D4DDD2499769A002E980E /* NotificationController.swift in Sources */ = {isa = PBXBuildFile; fileRef = 6E4D4DDC2499769A002E980E /* NotificationController.swift */; };
		6E4D4DDF2499769A002E980E /* ComplicationController.swift in Sources */ = {isa = PBXBuildFile; fileRef = 6E4D4DDE2499769A002E980E /* ComplicationController.swift */; };
		6E4D4DE12499769C002E980E /* Assets.xcassets in Resources */ = {isa = PBXBuildFile; fileRef = 6E4D4DE02499769C002E980E /* Assets.xcassets */; };
		6EC9141324A4138600B5E458 /* WeekController.swift in Sources */ = {isa = PBXBuildFile; fileRef = 6EC9141224A4138600B5E458 /* WeekController.swift */; };
		6EFC0DA2249D18280045BBC0 /* Localizable.strings in Resources */ = {isa = PBXBuildFile; fileRef = 6EFC0DA4249D18280045BBC0 /* Localizable.strings */; };
		6EFC0DA9249D1D480045BBC0 /* PersistentData.swift in Sources */ = {isa = PBXBuildFile; fileRef = 6EFC0DA8249D1D480045BBC0 /* PersistentData.swift */; };
		7F1B0E97249D37D000E17D04 /* StretchingStrategy.swift in Sources */ = {isa = PBXBuildFile; fileRef = 7F1B0E96249D37D000E17D04 /* StretchingStrategy.swift */; };
		7F1B0E9A249D382400E17D04 /* StretchingHand.swift in Sources */ = {isa = PBXBuildFile; fileRef = 7F1B0E99249D382400E17D04 /* StretchingHand.swift */; };
		7F2AF8DE24A17AF100FF17B3 /* Animation.swift in Sources */ = {isa = PBXBuildFile; fileRef = 7F2AF8DD24A17AF100FF17B3 /* Animation.swift */; };
		7F2AF8E024A17B0700FF17B3 /* StretchingEnforcer.swift in Sources */ = {isa = PBXBuildFile; fileRef = 7F2AF8DF24A17B0700FF17B3 /* StretchingEnforcer.swift */; };
		7F4D4A8F249ECD2B00A7312C /* Localizable.strings in Resources */ = {isa = PBXBuildFile; fileRef = 6EFC0DA4249D18280045BBC0 /* Localizable.strings */; };
		7FC6691B24A6B183008D1D49 /* StretchingWrist.swift in Sources */ = {isa = PBXBuildFile; fileRef = 7FC6691A24A6B183008D1D49 /* StretchingWrist.swift */; };
		7FC6691D24A6B1EC008D1D49 /* alongamento_22.png in Resources */ = {isa = PBXBuildFile; fileRef = 7FC6691C24A6B1EC008D1D49 /* alongamento_22.png */; };
		7FCECAB224A29D2E0017C9D5 /* alongamento_1.png in Resources */ = {isa = PBXBuildFile; fileRef = 7FCECAAE24A29D2D0017C9D5 /* alongamento_1.png */; };
		7FCECAB324A29D2E0017C9D5 /* alongamento_2.png in Resources */ = {isa = PBXBuildFile; fileRef = 7FCECAAF24A29D2D0017C9D5 /* alongamento_2.png */; };
		7FCECAB424A29D2E0017C9D5 /* alongamento_3.png in Resources */ = {isa = PBXBuildFile; fileRef = 7FCECAB024A29D2D0017C9D5 /* alongamento_3.png */; };
		7FCECAB524A29D2E0017C9D5 /* alongamento_12.png in Resources */ = {isa = PBXBuildFile; fileRef = 7FCECAB124A29D2E0017C9D5 /* alongamento_12.png */; };
		7FF06F8F24A68FAF00C01CC8 /* single0006.png in Resources */ = {isa = PBXBuildFile; fileRef = 7FF06F7524A68FAD00C01CC8 /* single0006.png */; };
		7FF06F9024A68FAF00C01CC8 /* single0008.png in Resources */ = {isa = PBXBuildFile; fileRef = 7FF06F7624A68FAE00C01CC8 /* single0008.png */; };
		7FF06F9124A68FAF00C01CC8 /* single0003.png in Resources */ = {isa = PBXBuildFile; fileRef = 7FF06F7724A68FAE00C01CC8 /* single0003.png */; };
		7FF06F9224A68FAF00C01CC8 /* single0016.png in Resources */ = {isa = PBXBuildFile; fileRef = 7FF06F7824A68FAE00C01CC8 /* single0016.png */; };
		7FF06F9324A68FAF00C01CC8 /* single0005.png in Resources */ = {isa = PBXBuildFile; fileRef = 7FF06F7924A68FAE00C01CC8 /* single0005.png */; };
		7FF06F9424A68FAF00C01CC8 /* single0013.png in Resources */ = {isa = PBXBuildFile; fileRef = 7FF06F7A24A68FAE00C01CC8 /* single0013.png */; };
		7FF06F9524A68FAF00C01CC8 /* single0007.png in Resources */ = {isa = PBXBuildFile; fileRef = 7FF06F7B24A68FAE00C01CC8 /* single0007.png */; };
		7FF06F9624A68FAF00C01CC8 /* single0012.png in Resources */ = {isa = PBXBuildFile; fileRef = 7FF06F7C24A68FAE00C01CC8 /* single0012.png */; };
		7FF06F9724A68FAF00C01CC8 /* single0015.png in Resources */ = {isa = PBXBuildFile; fileRef = 7FF06F7D24A68FAE00C01CC8 /* single0015.png */; };
		7FF06F9824A68FAF00C01CC8 /* single0004.png in Resources */ = {isa = PBXBuildFile; fileRef = 7FF06F7E24A68FAE00C01CC8 /* single0004.png */; };
		7FF06F9924A68FAF00C01CC8 /* single0024.png in Resources */ = {isa = PBXBuildFile; fileRef = 7FF06F7F24A68FAE00C01CC8 /* single0024.png */; };
		7FF06F9A24A68FAF00C01CC8 /* single0022.png in Resources */ = {isa = PBXBuildFile; fileRef = 7FF06F8024A68FAE00C01CC8 /* single0022.png */; };
		7FF06F9B24A68FAF00C01CC8 /* single0025.png in Resources */ = {isa = PBXBuildFile; fileRef = 7FF06F8124A68FAE00C01CC8 /* single0025.png */; };
		7FF06F9C24A68FAF00C01CC8 /* single0009.png in Resources */ = {isa = PBXBuildFile; fileRef = 7FF06F8224A68FAF00C01CC8 /* single0009.png */; };
		7FF06F9D24A68FAF00C01CC8 /* single0020.png in Resources */ = {isa = PBXBuildFile; fileRef = 7FF06F8324A68FAF00C01CC8 /* single0020.png */; };
		7FF06F9E24A68FAF00C01CC8 /* single0018.png in Resources */ = {isa = PBXBuildFile; fileRef = 7FF06F8424A68FAF00C01CC8 /* single0018.png */; };
		7FF06F9F24A68FAF00C01CC8 /* single0002.png in Resources */ = {isa = PBXBuildFile; fileRef = 7FF06F8524A68FAF00C01CC8 /* single0002.png */; };
		7FF06FA024A68FAF00C01CC8 /* single0010.png in Resources */ = {isa = PBXBuildFile; fileRef = 7FF06F8624A68FAF00C01CC8 /* single0010.png */; };
		7FF06FA124A68FAF00C01CC8 /* single0001.png in Resources */ = {isa = PBXBuildFile; fileRef = 7FF06F8724A68FAF00C01CC8 /* single0001.png */; };
		7FF06FA224A68FAF00C01CC8 /* single0017.png in Resources */ = {isa = PBXBuildFile; fileRef = 7FF06F8824A68FAF00C01CC8 /* single0017.png */; };
		7FF06FA324A68FAF00C01CC8 /* single0014.png in Resources */ = {isa = PBXBuildFile; fileRef = 7FF06F8924A68FAF00C01CC8 /* single0014.png */; };
		7FF06FA424A68FAF00C01CC8 /* single0023.png in Resources */ = {isa = PBXBuildFile; fileRef = 7FF06F8A24A68FAF00C01CC8 /* single0023.png */; };
		7FF06FA524A68FAF00C01CC8 /* single0011.png in Resources */ = {isa = PBXBuildFile; fileRef = 7FF06F8B24A68FAF00C01CC8 /* single0011.png */; };
		7FF06FA624A68FAF00C01CC8 /* single0019.png in Resources */ = {isa = PBXBuildFile; fileRef = 7FF06F8C24A68FAF00C01CC8 /* single0019.png */; };
		7FF06FA724A68FAF00C01CC8 /* single0021.png in Resources */ = {isa = PBXBuildFile; fileRef = 7FF06F8D24A68FAF00C01CC8 /* single0021.png */; };
		7FF06FA824A68FAF00C01CC8 /* single0026.png in Resources */ = {isa = PBXBuildFile; fileRef = 7FF06F8E24A68FAF00C01CC8 /* single0026.png */; };
		EF5BBC40249A8F8700CC3F0C /* StretchingController.swift in Sources */ = {isa = PBXBuildFile; fileRef = EF5BBC3F249A8F8700CC3F0C /* StretchingController.swift */; };
		F6938C5424A23E6F0012B149 /* Notification.swift in Sources */ = {isa = PBXBuildFile; fileRef = F6938C5324A23E6F0012B149 /* Notification.swift */; };
/* End PBXBuildFile section */

/* Begin PBXContainerItemProxy section */
		6E4D4DC624997698002E980E /* PBXContainerItemProxy */ = {
			isa = PBXContainerItemProxy;
			containerPortal = 6E4D4DBA24997698002E980E /* Project object */;
			proxyType = 1;
			remoteGlobalIDString = 6E4D4DC324997698002E980E;
			remoteInfo = "TendApp WatchKit App";
		};
		6E4D4DD52499769A002E980E /* PBXContainerItemProxy */ = {
			isa = PBXContainerItemProxy;
			containerPortal = 6E4D4DBA24997698002E980E /* Project object */;
			proxyType = 1;
			remoteGlobalIDString = 6E4D4DD22499769A002E980E;
			remoteInfo = "TendApp WatchKit Extension";
		};
/* End PBXContainerItemProxy section */

/* Begin PBXCopyFilesBuildPhase section */
		6E4D4DE92499769C002E980E /* Embed App Extensions */ = {
			isa = PBXCopyFilesBuildPhase;
			buildActionMask = 2147483647;
			dstPath = "";
			dstSubfolderSpec = 13;
			files = (
				6E4D4DD42499769A002E980E /* TendApp WatchKit Extension.appex in Embed App Extensions */,
			);
			name = "Embed App Extensions";
			runOnlyForDeploymentPostprocessing = 0;
		};
		6E4D4DED2499769C002E980E /* Embed Watch Content */ = {
			isa = PBXCopyFilesBuildPhase;
			buildActionMask = 2147483647;
			dstPath = "$(CONTENTS_FOLDER_PATH)/Watch";
			dstSubfolderSpec = 16;
			files = (
				6E4D4DC524997698002E980E /* TendApp WatchKit App.app in Embed Watch Content */,
			);
			name = "Embed Watch Content";
			runOnlyForDeploymentPostprocessing = 0;
		};
/* End PBXCopyFilesBuildPhase section */

/* Begin PBXFileReference section */
		6E4D4DC024997698002E980E /* TendApp.app */ = {isa = PBXFileReference; explicitFileType = wrapper.application; includeInIndex = 0; path = TendApp.app; sourceTree = BUILT_PRODUCTS_DIR; };
		6E4D4DC424997698002E980E /* TendApp WatchKit App.app */ = {isa = PBXFileReference; explicitFileType = wrapper.application; includeInIndex = 0; path = "TendApp WatchKit App.app"; sourceTree = BUILT_PRODUCTS_DIR; };
		6E4D4DCA24997698002E980E /* Base */ = {isa = PBXFileReference; lastKnownFileType = file.storyboard; name = Base; path = Base.lproj/Interface.storyboard; sourceTree = "<group>"; };
		6E4D4DCC2499769A002E980E /* Assets.xcassets */ = {isa = PBXFileReference; lastKnownFileType = folder.assetcatalog; path = Assets.xcassets; sourceTree = "<group>"; };
		6E4D4DCE2499769A002E980E /* Info.plist */ = {isa = PBXFileReference; lastKnownFileType = text.plist.xml; path = Info.plist; sourceTree = "<group>"; };
		6E4D4DD32499769A002E980E /* TendApp WatchKit Extension.appex */ = {isa = PBXFileReference; explicitFileType = "wrapper.app-extension"; includeInIndex = 0; path = "TendApp WatchKit Extension.appex"; sourceTree = BUILT_PRODUCTS_DIR; };
		6E4D4DD82499769A002E980E /* InterfaceController.swift */ = {isa = PBXFileReference; lastKnownFileType = sourcecode.swift; path = InterfaceController.swift; sourceTree = "<group>"; };
		6E4D4DDA2499769A002E980E /* ExtensionDelegate.swift */ = {isa = PBXFileReference; lastKnownFileType = sourcecode.swift; path = ExtensionDelegate.swift; sourceTree = "<group>"; };
		6E4D4DDC2499769A002E980E /* NotificationController.swift */ = {isa = PBXFileReference; lastKnownFileType = sourcecode.swift; path = NotificationController.swift; sourceTree = "<group>"; };
		6E4D4DDE2499769A002E980E /* ComplicationController.swift */ = {isa = PBXFileReference; lastKnownFileType = sourcecode.swift; path = ComplicationController.swift; sourceTree = "<group>"; };
		6E4D4DE02499769C002E980E /* Assets.xcassets */ = {isa = PBXFileReference; lastKnownFileType = folder.assetcatalog; path = Assets.xcassets; sourceTree = "<group>"; };
		6E4D4DE22499769C002E980E /* Info.plist */ = {isa = PBXFileReference; lastKnownFileType = text.plist.xml; path = Info.plist; sourceTree = "<group>"; };
		6E4D4DE32499769C002E980E /* PushNotificationPayload.apns */ = {isa = PBXFileReference; lastKnownFileType = text; path = PushNotificationPayload.apns; sourceTree = "<group>"; };
		6EC9141224A4138600B5E458 /* WeekController.swift */ = {isa = PBXFileReference; lastKnownFileType = sourcecode.swift; path = WeekController.swift; sourceTree = "<group>"; };
		6EFC0D9D249D179E0045BBC0 /* pt-BR */ = {isa = PBXFileReference; lastKnownFileType = text.plist.strings; name = "pt-BR"; path = "pt-BR.lproj/Interface.strings"; sourceTree = "<group>"; };
		6EFC0D9E249D17B50045BBC0 /* es */ = {isa = PBXFileReference; lastKnownFileType = text.plist.strings; name = es; path = es.lproj/Interface.strings; sourceTree = "<group>"; };
		6EFC0DA3249D18280045BBC0 /* en */ = {isa = PBXFileReference; lastKnownFileType = text.plist.strings; name = en; path = en.lproj/Localizable.strings; sourceTree = "<group>"; };
		6EFC0DA5249D182C0045BBC0 /* pt-BR */ = {isa = PBXFileReference; lastKnownFileType = text.plist.strings; name = "pt-BR"; path = "pt-BR.lproj/Localizable.strings"; sourceTree = "<group>"; };
		6EFC0DA6249D182D0045BBC0 /* es */ = {isa = PBXFileReference; lastKnownFileType = text.plist.strings; name = es; path = es.lproj/Localizable.strings; sourceTree = "<group>"; };
		6EFC0DA8249D1D480045BBC0 /* PersistentData.swift */ = {isa = PBXFileReference; lastKnownFileType = sourcecode.swift; path = PersistentData.swift; sourceTree = "<group>"; };
		7F1B0E96249D37D000E17D04 /* StretchingStrategy.swift */ = {isa = PBXFileReference; lastKnownFileType = sourcecode.swift; path = StretchingStrategy.swift; sourceTree = "<group>"; };
		7F1B0E99249D382400E17D04 /* StretchingHand.swift */ = {isa = PBXFileReference; lastKnownFileType = sourcecode.swift; path = StretchingHand.swift; sourceTree = "<group>"; };
		7F2AF8DD24A17AF100FF17B3 /* Animation.swift */ = {isa = PBXFileReference; lastKnownFileType = sourcecode.swift; path = Animation.swift; sourceTree = "<group>"; };
		7F2AF8DF24A17B0700FF17B3 /* StretchingEnforcer.swift */ = {isa = PBXFileReference; lastKnownFileType = sourcecode.swift; path = StretchingEnforcer.swift; sourceTree = "<group>"; };
		7FC6691A24A6B183008D1D49 /* StretchingWrist.swift */ = {isa = PBXFileReference; lastKnownFileType = sourcecode.swift; path = StretchingWrist.swift; sourceTree = "<group>"; };
		7FC6691C24A6B1EC008D1D49 /* alongamento_22.png */ = {isa = PBXFileReference; lastKnownFileType = image.png; path = alongamento_22.png; sourceTree = "<group>"; };
		7FCECAAE24A29D2D0017C9D5 /* alongamento_1.png */ = {isa = PBXFileReference; lastKnownFileType = image.png; path = alongamento_1.png; sourceTree = "<group>"; };
		7FCECAAF24A29D2D0017C9D5 /* alongamento_2.png */ = {isa = PBXFileReference; lastKnownFileType = image.png; path = alongamento_2.png; sourceTree = "<group>"; };
		7FCECAB024A29D2D0017C9D5 /* alongamento_3.png */ = {isa = PBXFileReference; lastKnownFileType = image.png; path = alongamento_3.png; sourceTree = "<group>"; };
		7FCECAB124A29D2E0017C9D5 /* alongamento_12.png */ = {isa = PBXFileReference; lastKnownFileType = image.png; path = alongamento_12.png; sourceTree = "<group>"; };
		7FF06F7524A68FAD00C01CC8 /* single0006.png */ = {isa = PBXFileReference; lastKnownFileType = image.png; path = single0006.png; sourceTree = "<group>"; };
		7FF06F7624A68FAE00C01CC8 /* single0008.png */ = {isa = PBXFileReference; lastKnownFileType = image.png; path = single0008.png; sourceTree = "<group>"; };
		7FF06F7724A68FAE00C01CC8 /* single0003.png */ = {isa = PBXFileReference; lastKnownFileType = image.png; path = single0003.png; sourceTree = "<group>"; };
		7FF06F7824A68FAE00C01CC8 /* single0016.png */ = {isa = PBXFileReference; lastKnownFileType = image.png; path = single0016.png; sourceTree = "<group>"; };
		7FF06F7924A68FAE00C01CC8 /* single0005.png */ = {isa = PBXFileReference; lastKnownFileType = image.png; path = single0005.png; sourceTree = "<group>"; };
		7FF06F7A24A68FAE00C01CC8 /* single0013.png */ = {isa = PBXFileReference; lastKnownFileType = image.png; path = single0013.png; sourceTree = "<group>"; };
		7FF06F7B24A68FAE00C01CC8 /* single0007.png */ = {isa = PBXFileReference; lastKnownFileType = image.png; path = single0007.png; sourceTree = "<group>"; };
		7FF06F7C24A68FAE00C01CC8 /* single0012.png */ = {isa = PBXFileReference; lastKnownFileType = image.png; path = single0012.png; sourceTree = "<group>"; };
		7FF06F7D24A68FAE00C01CC8 /* single0015.png */ = {isa = PBXFileReference; lastKnownFileType = image.png; path = single0015.png; sourceTree = "<group>"; };
		7FF06F7E24A68FAE00C01CC8 /* single0004.png */ = {isa = PBXFileReference; lastKnownFileType = image.png; path = single0004.png; sourceTree = "<group>"; };
		7FF06F7F24A68FAE00C01CC8 /* single0024.png */ = {isa = PBXFileReference; lastKnownFileType = image.png; path = single0024.png; sourceTree = "<group>"; };
		7FF06F8024A68FAE00C01CC8 /* single0022.png */ = {isa = PBXFileReference; lastKnownFileType = image.png; path = single0022.png; sourceTree = "<group>"; };
		7FF06F8124A68FAE00C01CC8 /* single0025.png */ = {isa = PBXFileReference; lastKnownFileType = image.png; path = single0025.png; sourceTree = "<group>"; };
		7FF06F8224A68FAF00C01CC8 /* single0009.png */ = {isa = PBXFileReference; lastKnownFileType = image.png; path = single0009.png; sourceTree = "<group>"; };
		7FF06F8324A68FAF00C01CC8 /* single0020.png */ = {isa = PBXFileReference; lastKnownFileType = image.png; path = single0020.png; sourceTree = "<group>"; };
		7FF06F8424A68FAF00C01CC8 /* single0018.png */ = {isa = PBXFileReference; lastKnownFileType = image.png; path = single0018.png; sourceTree = "<group>"; };
		7FF06F8524A68FAF00C01CC8 /* single0002.png */ = {isa = PBXFileReference; lastKnownFileType = image.png; path = single0002.png; sourceTree = "<group>"; };
		7FF06F8624A68FAF00C01CC8 /* single0010.png */ = {isa = PBXFileReference; lastKnownFileType = image.png; path = single0010.png; sourceTree = "<group>"; };
		7FF06F8724A68FAF00C01CC8 /* single0001.png */ = {isa = PBXFileReference; lastKnownFileType = image.png; path = single0001.png; sourceTree = "<group>"; };
		7FF06F8824A68FAF00C01CC8 /* single0017.png */ = {isa = PBXFileReference; lastKnownFileType = image.png; path = single0017.png; sourceTree = "<group>"; };
		7FF06F8924A68FAF00C01CC8 /* single0014.png */ = {isa = PBXFileReference; lastKnownFileType = image.png; path = single0014.png; sourceTree = "<group>"; };
		7FF06F8A24A68FAF00C01CC8 /* single0023.png */ = {isa = PBXFileReference; lastKnownFileType = image.png; path = single0023.png; sourceTree = "<group>"; };
		7FF06F8B24A68FAF00C01CC8 /* single0011.png */ = {isa = PBXFileReference; lastKnownFileType = image.png; path = single0011.png; sourceTree = "<group>"; };
		7FF06F8C24A68FAF00C01CC8 /* single0019.png */ = {isa = PBXFileReference; lastKnownFileType = image.png; path = single0019.png; sourceTree = "<group>"; };
		7FF06F8D24A68FAF00C01CC8 /* single0021.png */ = {isa = PBXFileReference; lastKnownFileType = image.png; path = single0021.png; sourceTree = "<group>"; };
		7FF06F8E24A68FAF00C01CC8 /* single0026.png */ = {isa = PBXFileReference; lastKnownFileType = image.png; path = single0026.png; sourceTree = "<group>"; };
		EF5BBC3F249A8F8700CC3F0C /* StretchingController.swift */ = {isa = PBXFileReference; lastKnownFileType = sourcecode.swift; path = StretchingController.swift; sourceTree = "<group>"; };
		F6938C5324A23E6F0012B149 /* Notification.swift */ = {isa = PBXFileReference; lastKnownFileType = sourcecode.swift; path = Notification.swift; sourceTree = "<group>"; };
/* End PBXFileReference section */

/* Begin PBXFrameworksBuildPhase section */
		6E4D4DD02499769A002E980E /* Frameworks */ = {
			isa = PBXFrameworksBuildPhase;
			buildActionMask = 2147483647;
			files = (
			);
			runOnlyForDeploymentPostprocessing = 0;
		};
/* End PBXFrameworksBuildPhase section */

/* Begin PBXGroup section */
		6E312105249E8FDA00AA066C /* Stretching */ = {
			isa = PBXGroup;
			children = (
				EF5BBC3F249A8F8700CC3F0C /* StretchingController.swift */,
			);
			path = Stretching;
			sourceTree = "<group>";
		};
		6E4D4DB924997698002E980E = {
			isa = PBXGroup;
			children = (
				6E4D4DC824997698002E980E /* TendApp WatchKit App */,
				6E4D4DD72499769A002E980E /* TendApp WatchKit Extension */,
				6E4D4DC124997698002E980E /* Products */,
			);
			sourceTree = "<group>";
		};
		6E4D4DC124997698002E980E /* Products */ = {
			isa = PBXGroup;
			children = (
				6E4D4DC024997698002E980E /* TendApp.app */,
				6E4D4DC424997698002E980E /* TendApp WatchKit App.app */,
				6E4D4DD32499769A002E980E /* TendApp WatchKit Extension.appex */,
			);
			name = Products;
			sourceTree = "<group>";
		};
		6E4D4DC824997698002E980E /* TendApp WatchKit App */ = {
			isa = PBXGroup;
			children = (
				6E4D4DF62499772F002E980E /* Model */,
				6E4D4DF524997722002E980E /* View */,
				6E4D4DF1249976D3002E980E /* Controller */,
				7FCECAAC24A29CE50017C9D5 /* Images */,
				6E4D4DCC2499769A002E980E /* Assets.xcassets */,
				6E4D4DCE2499769A002E980E /* Info.plist */,
			);
			path = "TendApp WatchKit App";
			sourceTree = "<group>";
		};
		6E4D4DD72499769A002E980E /* TendApp WatchKit Extension */ = {
			isa = PBXGroup;
			children = (
				6E4D4DE02499769C002E980E /* Assets.xcassets */,
				6E4D4DE22499769C002E980E /* Info.plist */,
				6E4D4DE32499769C002E980E /* PushNotificationPayload.apns */,
			);
			path = "TendApp WatchKit Extension";
			sourceTree = "<group>";
		};
		6E4D4DF1249976D3002E980E /* Controller */ = {
			isa = PBXGroup;
			children = (
				6EC9141124A4136F00B5E458 /* Week */,
				6E312105249E8FDA00AA066C /* Stretching */,
				6E4D4DF4249976F3002E980E /* Interface */,
				6E4D4DF3249976EB002E980E /* Notification */,
				6E4D4DF2249976E6002E980E /* Complication */,
			);
			path = Controller;
			sourceTree = "<group>";
		};
		6E4D4DF2249976E6002E980E /* Complication */ = {
			isa = PBXGroup;
			children = (
				6E4D4DDE2499769A002E980E /* ComplicationController.swift */,
			);
			path = Complication;
			sourceTree = "<group>";
		};
		6E4D4DF3249976EB002E980E /* Notification */ = {
			isa = PBXGroup;
			children = (
				6E4D4DDC2499769A002E980E /* NotificationController.swift */,
			);
			path = Notification;
			sourceTree = "<group>";
		};
		6E4D4DF4249976F3002E980E /* Interface */ = {
			isa = PBXGroup;
			children = (
				6E4D4DD82499769A002E980E /* InterfaceController.swift */,
			);
			path = Interface;
			sourceTree = "<group>";
		};
		6E4D4DF524997722002E980E /* View */ = {
			isa = PBXGroup;
			children = (
				6E4D4DC924997698002E980E /* Interface.storyboard */,
			);
			path = View;
			sourceTree = "<group>";
		};
		6E4D4DF62499772F002E980E /* Model */ = {
			isa = PBXGroup;
			children = (
				7F1B0E98249D37FC00E17D04 /* Stretching */,
				7F1B0E95249D379600E17D04 /* Protocols */,
				6EFC0DA7249D1D0C0045BBC0 /* UserDefaults */,
				6EFC0D9F249D17DB0045BBC0 /* Languages */,
				6E4D4DF724997735002E980E /* Delegates */,
				F6938C5724A2A6C30012B149 /* Notification */,
			);
			path = Model;
			sourceTree = "<group>";
		};
		6E4D4DF724997735002E980E /* Delegates */ = {
			isa = PBXGroup;
			children = (
				6E4D4DDA2499769A002E980E /* ExtensionDelegate.swift */,
			);
			path = Delegates;
			sourceTree = "<group>";
		};
		6EC9141124A4136F00B5E458 /* Week */ = {
			isa = PBXGroup;
			children = (
				6EC9141224A4138600B5E458 /* WeekController.swift */,
			);
			path = Week;
			sourceTree = "<group>";
		};
		6EFC0D9F249D17DB0045BBC0 /* Languages */ = {
			isa = PBXGroup;
			children = (
				6EFC0DA4249D18280045BBC0 /* Localizable.strings */,
			);
			path = Languages;
			sourceTree = "<group>";
		};
		6EFC0DA7249D1D0C0045BBC0 /* UserDefaults */ = {
			isa = PBXGroup;
			children = (
				6EFC0DA8249D1D480045BBC0 /* PersistentData.swift */,
			);
			path = UserDefaults;
			sourceTree = "<group>";
		};
		7F1B0E95249D379600E17D04 /* Protocols */ = {
			isa = PBXGroup;
			children = (
				7F1B0E96249D37D000E17D04 /* StretchingStrategy.swift */,
				7F2AF8DD24A17AF100FF17B3 /* Animation.swift */,
				7F2AF8DF24A17B0700FF17B3 /* StretchingEnforcer.swift */,
			);
			path = Protocols;
			sourceTree = "<group>";
		};
		7F1B0E98249D37FC00E17D04 /* Stretching */ = {
			isa = PBXGroup;
			children = (
				7F1B0E99249D382400E17D04 /* StretchingHand.swift */,
				7FC6691A24A6B183008D1D49 /* StretchingWrist.swift */,
			);
			path = Stretching;
			sourceTree = "<group>";
		};
		7F224F84249FD8BB00007A03 /* RingImage */ = {
			isa = PBXGroup;
			children = (
				7FF06F8724A68FAF00C01CC8 /* single0001.png */,
				7FF06F8524A68FAF00C01CC8 /* single0002.png */,
				7FF06F7724A68FAE00C01CC8 /* single0003.png */,
				7FF06F7E24A68FAE00C01CC8 /* single0004.png */,
				7FF06F7924A68FAE00C01CC8 /* single0005.png */,
				7FF06F7524A68FAD00C01CC8 /* single0006.png */,
				7FF06F7B24A68FAE00C01CC8 /* single0007.png */,
				7FF06F7624A68FAE00C01CC8 /* single0008.png */,
				7FF06F8224A68FAF00C01CC8 /* single0009.png */,
				7FF06F8624A68FAF00C01CC8 /* single0010.png */,
				7FF06F8B24A68FAF00C01CC8 /* single0011.png */,
				7FF06F7C24A68FAE00C01CC8 /* single0012.png */,
				7FF06F7A24A68FAE00C01CC8 /* single0013.png */,
				7FF06F8924A68FAF00C01CC8 /* single0014.png */,
				7FF06F7D24A68FAE00C01CC8 /* single0015.png */,
				7FF06F7824A68FAE00C01CC8 /* single0016.png */,
				7FF06F8824A68FAF00C01CC8 /* single0017.png */,
				7FF06F8424A68FAF00C01CC8 /* single0018.png */,
				7FF06F8C24A68FAF00C01CC8 /* single0019.png */,
				7FF06F8324A68FAF00C01CC8 /* single0020.png */,
				7FF06F8D24A68FAF00C01CC8 /* single0021.png */,
				7FF06F8024A68FAE00C01CC8 /* single0022.png */,
				7FF06F8A24A68FAF00C01CC8 /* single0023.png */,
				7FF06F7F24A68FAE00C01CC8 /* single0024.png */,
				7FF06F8124A68FAE00C01CC8 /* single0025.png */,
				7FF06F8E24A68FAF00C01CC8 /* single0026.png */,
			);
			path = RingImage;
			sourceTree = "<group>";
		};
		7FCECAAC24A29CE50017C9D5 /* Images */ = {
			isa = PBXGroup;
			children = (
				7FCECAAD24A29CFA0017C9D5 /* StretchingImage */,
				7F224F84249FD8BB00007A03 /* RingImage */,
			);
			path = Images;
			sourceTree = "<group>";
		};
		7FCECAAD24A29CFA0017C9D5 /* StretchingImage */ = {
			isa = PBXGroup;
			children = (
				7FCECAAE24A29D2D0017C9D5 /* alongamento_1.png */,
				7FC6691C24A6B1EC008D1D49 /* alongamento_22.png */,
				7FCECAAF24A29D2D0017C9D5 /* alongamento_2.png */,
				7FCECAB024A29D2D0017C9D5 /* alongamento_3.png */,
				7FCECAB124A29D2E0017C9D5 /* alongamento_12.png */,
			);
			path = StretchingImage;
			sourceTree = "<group>";
		};
		F6938C5724A2A6C30012B149 /* Notification */ = {
			isa = PBXGroup;
			children = (
				F6938C5324A23E6F0012B149 /* Notification.swift */,
			);
			path = Notification;
			sourceTree = "<group>";
		};
/* End PBXGroup section */

/* Begin PBXNativeTarget section */
		6E4D4DBF24997698002E980E /* TendApp */ = {
			isa = PBXNativeTarget;
			buildConfigurationList = 6E4D4DEE2499769C002E980E /* Build configuration list for PBXNativeTarget "TendApp" */;
			buildPhases = (
				6E4D4DBE24997698002E980E /* Resources */,
				6E4D4DED2499769C002E980E /* Embed Watch Content */,
			);
			buildRules = (
			);
			dependencies = (
				6E4D4DC724997698002E980E /* PBXTargetDependency */,
			);
			name = TendApp;
			productName = TendApp;
			productReference = 6E4D4DC024997698002E980E /* TendApp.app */;
			productType = "com.apple.product-type.application.watchapp2-container";
		};
		6E4D4DC324997698002E980E /* TendApp WatchKit App */ = {
			isa = PBXNativeTarget;
			buildConfigurationList = 6E4D4DEA2499769C002E980E /* Build configuration list for PBXNativeTarget "TendApp WatchKit App" */;
			buildPhases = (
				6E4D4DC224997698002E980E /* Resources */,
				6E4D4DE92499769C002E980E /* Embed App Extensions */,
			);
			buildRules = (
			);
			dependencies = (
				6E4D4DD62499769A002E980E /* PBXTargetDependency */,
			);
			name = "TendApp WatchKit App";
			productName = "TendApp WatchKit App";
			productReference = 6E4D4DC424997698002E980E /* TendApp WatchKit App.app */;
			productType = "com.apple.product-type.application.watchapp2";
		};
		6E4D4DD22499769A002E980E /* TendApp WatchKit Extension */ = {
			isa = PBXNativeTarget;
			buildConfigurationList = 6E4D4DE62499769C002E980E /* Build configuration list for PBXNativeTarget "TendApp WatchKit Extension" */;
			buildPhases = (
				6E4D4DCF2499769A002E980E /* Sources */,
				6E4D4DD02499769A002E980E /* Frameworks */,
				6E4D4DD12499769A002E980E /* Resources */,
			);
			buildRules = (
			);
			dependencies = (
			);
			name = "TendApp WatchKit Extension";
			productName = "TendApp WatchKit Extension";
			productReference = 6E4D4DD32499769A002E980E /* TendApp WatchKit Extension.appex */;
			productType = "com.apple.product-type.watchkit2-extension";
		};
/* End PBXNativeTarget section */

/* Begin PBXProject section */
		6E4D4DBA24997698002E980E /* Project object */ = {
			isa = PBXProject;
			attributes = {
				LastSwiftUpdateCheck = 1150;
				LastUpgradeCheck = 1150;
				ORGANIZATIONNAME = "Mateus Augusto M Ferreira";
				TargetAttributes = {
					6E4D4DBF24997698002E980E = {
						CreatedOnToolsVersion = 11.5;
					};
					6E4D4DC324997698002E980E = {
						CreatedOnToolsVersion = 11.5;
					};
					6E4D4DD22499769A002E980E = {
						CreatedOnToolsVersion = 11.5;
					};
				};
			};
			buildConfigurationList = 6E4D4DBD24997698002E980E /* Build configuration list for PBXProject "TendApp" */;
			compatibilityVersion = "Xcode 9.3";
			developmentRegion = en;
			hasScannedForEncodings = 0;
			knownRegions = (
				en,
				Base,
				"pt-BR",
				es,
			);
			mainGroup = 6E4D4DB924997698002E980E;
			productRefGroup = 6E4D4DC124997698002E980E /* Products */;
			projectDirPath = "";
			projectRoot = "";
			targets = (
				6E4D4DBF24997698002E980E /* TendApp */,
				6E4D4DC324997698002E980E /* TendApp WatchKit App */,
				6E4D4DD22499769A002E980E /* TendApp WatchKit Extension */,
			);
		};
/* End PBXProject section */

/* Begin PBXResourcesBuildPhase section */
		6E4D4DBE24997698002E980E /* Resources */ = {
			isa = PBXResourcesBuildPhase;
			buildActionMask = 2147483647;
			files = (
			);
			runOnlyForDeploymentPostprocessing = 0;
		};
		6E4D4DC224997698002E980E /* Resources */ = {
			isa = PBXResourcesBuildPhase;
			buildActionMask = 2147483647;
			files = (
				6E4D4DCD2499769A002E980E /* Assets.xcassets in Resources */,
				6EFC0DA2249D18280045BBC0 /* Localizable.strings in Resources */,
				6E4D4DCB24997698002E980E /* Interface.storyboard in Resources */,
			);
			runOnlyForDeploymentPostprocessing = 0;
		};
		6E4D4DD12499769A002E980E /* Resources */ = {
			isa = PBXResourcesBuildPhase;
			buildActionMask = 2147483647;
			files = (
				7FF06FA724A68FAF00C01CC8 /* single0021.png in Resources */,
				7FF06FA124A68FAF00C01CC8 /* single0001.png in Resources */,
				7FF06F9C24A68FAF00C01CC8 /* single0009.png in Resources */,
				7FF06F9B24A68FAF00C01CC8 /* single0025.png in Resources */,
				7FF06F9E24A68FAF00C01CC8 /* single0018.png in Resources */,
				7FF06F9224A68FAF00C01CC8 /* single0016.png in Resources */,
				7FF06FA224A68FAF00C01CC8 /* single0017.png in Resources */,
				7FF06FA324A68FAF00C01CC8 /* single0014.png in Resources */,
				7FF06FA024A68FAF00C01CC8 /* single0010.png in Resources */,
				6E4D4DE12499769C002E980E /* Assets.xcassets in Resources */,
				7FF06F9624A68FAF00C01CC8 /* single0012.png in Resources */,
				7FF06FA824A68FAF00C01CC8 /* single0026.png in Resources */,
				7FC6691D24A6B1EC008D1D49 /* alongamento_22.png in Resources */,
				7FF06F9A24A68FAF00C01CC8 /* single0022.png in Resources */,
				7FCECAB224A29D2E0017C9D5 /* alongamento_1.png in Resources */,
				7F4D4A8F249ECD2B00A7312C /* Localizable.strings in Resources */,
				7FF06F9724A68FAF00C01CC8 /* single0015.png in Resources */,
				7FF06F9924A68FAF00C01CC8 /* single0024.png in Resources */,
				7FF06F9124A68FAF00C01CC8 /* single0003.png in Resources */,
				7FF06F9D24A68FAF00C01CC8 /* single0020.png in Resources */,
				7FF06F9F24A68FAF00C01CC8 /* single0002.png in Resources */,
				7FF06F9824A68FAF00C01CC8 /* single0004.png in Resources */,
				7FF06F9024A68FAF00C01CC8 /* single0008.png in Resources */,
				7FF06FA424A68FAF00C01CC8 /* single0023.png in Resources */,
				7FCECAB524A29D2E0017C9D5 /* alongamento_12.png in Resources */,
				7FF06F9424A68FAF00C01CC8 /* single0013.png in Resources */,
				7FCECAB324A29D2E0017C9D5 /* alongamento_2.png in Resources */,
				7FF06F9324A68FAF00C01CC8 /* single0005.png in Resources */,
				7FF06FA624A68FAF00C01CC8 /* single0019.png in Resources */,
				7FF06FA524A68FAF00C01CC8 /* single0011.png in Resources */,
				7FCECAB424A29D2E0017C9D5 /* alongamento_3.png in Resources */,
				7FF06F9524A68FAF00C01CC8 /* single0007.png in Resources */,
				7FF06F8F24A68FAF00C01CC8 /* single0006.png in Resources */,
			);
			runOnlyForDeploymentPostprocessing = 0;
		};
/* End PBXResourcesBuildPhase section */

/* Begin PBXSourcesBuildPhase section */
		6E4D4DCF2499769A002E980E /* Sources */ = {
			isa = PBXSourcesBuildPhase;
			buildActionMask = 2147483647;
			files = (
				6EFC0DA9249D1D480045BBC0 /* PersistentData.swift in Sources */,
				6E4D4DDD2499769A002E980E /* NotificationController.swift in Sources */,
				7FC6691B24A6B183008D1D49 /* StretchingWrist.swift in Sources */,
				6EC9141324A4138600B5E458 /* WeekController.swift in Sources */,
				EF5BBC40249A8F8700CC3F0C /* StretchingController.swift in Sources */,
				7F2AF8E024A17B0700FF17B3 /* StretchingEnforcer.swift in Sources */,
				6E4D4DDF2499769A002E980E /* ComplicationController.swift in Sources */,
				7F1B0E9A249D382400E17D04 /* StretchingHand.swift in Sources */,
				6E4D4DDB2499769A002E980E /* ExtensionDelegate.swift in Sources */,
				F6938C5424A23E6F0012B149 /* Notification.swift in Sources */,
				7F1B0E97249D37D000E17D04 /* StretchingStrategy.swift in Sources */,
				6E4D4DD92499769A002E980E /* InterfaceController.swift in Sources */,
				7F2AF8DE24A17AF100FF17B3 /* Animation.swift in Sources */,
			);
			runOnlyForDeploymentPostprocessing = 0;
		};
/* End PBXSourcesBuildPhase section */

/* Begin PBXTargetDependency section */
		6E4D4DC724997698002E980E /* PBXTargetDependency */ = {
			isa = PBXTargetDependency;
			target = 6E4D4DC324997698002E980E /* TendApp WatchKit App */;
			targetProxy = 6E4D4DC624997698002E980E /* PBXContainerItemProxy */;
		};
		6E4D4DD62499769A002E980E /* PBXTargetDependency */ = {
			isa = PBXTargetDependency;
			target = 6E4D4DD22499769A002E980E /* TendApp WatchKit Extension */;
			targetProxy = 6E4D4DD52499769A002E980E /* PBXContainerItemProxy */;
		};
/* End PBXTargetDependency section */

/* Begin PBXVariantGroup section */
		6E4D4DC924997698002E980E /* Interface.storyboard */ = {
			isa = PBXVariantGroup;
			children = (
				6E4D4DCA24997698002E980E /* Base */,
				6EFC0D9D249D179E0045BBC0 /* pt-BR */,
				6EFC0D9E249D17B50045BBC0 /* es */,
			);
			name = Interface.storyboard;
			sourceTree = "<group>";
		};
		6EFC0DA4249D18280045BBC0 /* Localizable.strings */ = {
			isa = PBXVariantGroup;
			children = (
				6EFC0DA3249D18280045BBC0 /* en */,
				6EFC0DA5249D182C0045BBC0 /* pt-BR */,
				6EFC0DA6249D182D0045BBC0 /* es */,
			);
			name = Localizable.strings;
			sourceTree = "<group>";
		};
/* End PBXVariantGroup section */

/* Begin XCBuildConfiguration section */
		6E4D4DE42499769C002E980E /* Debug */ = {
			isa = XCBuildConfiguration;
			buildSettings = {
				ALWAYS_SEARCH_USER_PATHS = NO;
				CLANG_ANALYZER_LOCALIZABILITY_NONLOCALIZED = YES;
				CLANG_ANALYZER_NONNULL = YES;
				CLANG_ANALYZER_NUMBER_OBJECT_CONVERSION = YES_AGGRESSIVE;
				CLANG_CXX_LANGUAGE_STANDARD = "gnu++14";
				CLANG_CXX_LIBRARY = "libc++";
				CLANG_ENABLE_MODULES = YES;
				CLANG_ENABLE_OBJC_ARC = YES;
				CLANG_ENABLE_OBJC_WEAK = YES;
				CLANG_WARN_BLOCK_CAPTURE_AUTORELEASING = YES;
				CLANG_WARN_BOOL_CONVERSION = YES;
				CLANG_WARN_COMMA = YES;
				CLANG_WARN_CONSTANT_CONVERSION = YES;
				CLANG_WARN_DEPRECATED_OBJC_IMPLEMENTATIONS = YES;
				CLANG_WARN_DIRECT_OBJC_ISA_USAGE = YES_ERROR;
				CLANG_WARN_DOCUMENTATION_COMMENTS = YES;
				CLANG_WARN_EMPTY_BODY = YES;
				CLANG_WARN_ENUM_CONVERSION = YES;
				CLANG_WARN_INFINITE_RECURSION = YES;
				CLANG_WARN_INT_CONVERSION = YES;
				CLANG_WARN_NON_LITERAL_NULL_CONVERSION = YES;
				CLANG_WARN_OBJC_IMPLICIT_RETAIN_SELF = YES;
				CLANG_WARN_OBJC_LITERAL_CONVERSION = YES;
				CLANG_WARN_OBJC_ROOT_CLASS = YES_ERROR;
				CLANG_WARN_RANGE_LOOP_ANALYSIS = YES;
				CLANG_WARN_STRICT_PROTOTYPES = YES;
				CLANG_WARN_SUSPICIOUS_MOVE = YES;
				CLANG_WARN_UNGUARDED_AVAILABILITY = YES_AGGRESSIVE;
				CLANG_WARN_UNREACHABLE_CODE = YES;
				CLANG_WARN__DUPLICATE_METHOD_MATCH = YES;
				COPY_PHASE_STRIP = NO;
				DEBUG_INFORMATION_FORMAT = dwarf;
				ENABLE_STRICT_OBJC_MSGSEND = YES;
				ENABLE_TESTABILITY = YES;
				GCC_C_LANGUAGE_STANDARD = gnu11;
				GCC_DYNAMIC_NO_PIC = NO;
				GCC_NO_COMMON_BLOCKS = YES;
				GCC_OPTIMIZATION_LEVEL = 0;
				GCC_PREPROCESSOR_DEFINITIONS = (
					"DEBUG=1",
					"$(inherited)",
				);
				GCC_WARN_64_TO_32_BIT_CONVERSION = YES;
				GCC_WARN_ABOUT_RETURN_TYPE = YES_ERROR;
				GCC_WARN_UNDECLARED_SELECTOR = YES;
				GCC_WARN_UNINITIALIZED_AUTOS = YES_AGGRESSIVE;
				GCC_WARN_UNUSED_FUNCTION = YES;
				GCC_WARN_UNUSED_VARIABLE = YES;
				MTL_ENABLE_DEBUG_INFO = INCLUDE_SOURCE;
				MTL_FAST_MATH = YES;
				ONLY_ACTIVE_ARCH = YES;
				SDKROOT = iphoneos;
				SWIFT_ACTIVE_COMPILATION_CONDITIONS = DEBUG;
				SWIFT_OPTIMIZATION_LEVEL = "-Onone";
			};
			name = Debug;
		};
		6E4D4DE52499769C002E980E /* Release */ = {
			isa = XCBuildConfiguration;
			buildSettings = {
				ALWAYS_SEARCH_USER_PATHS = NO;
				CLANG_ANALYZER_LOCALIZABILITY_NONLOCALIZED = YES;
				CLANG_ANALYZER_NONNULL = YES;
				CLANG_ANALYZER_NUMBER_OBJECT_CONVERSION = YES_AGGRESSIVE;
				CLANG_CXX_LANGUAGE_STANDARD = "gnu++14";
				CLANG_CXX_LIBRARY = "libc++";
				CLANG_ENABLE_MODULES = YES;
				CLANG_ENABLE_OBJC_ARC = YES;
				CLANG_ENABLE_OBJC_WEAK = YES;
				CLANG_WARN_BLOCK_CAPTURE_AUTORELEASING = YES;
				CLANG_WARN_BOOL_CONVERSION = YES;
				CLANG_WARN_COMMA = YES;
				CLANG_WARN_CONSTANT_CONVERSION = YES;
				CLANG_WARN_DEPRECATED_OBJC_IMPLEMENTATIONS = YES;
				CLANG_WARN_DIRECT_OBJC_ISA_USAGE = YES_ERROR;
				CLANG_WARN_DOCUMENTATION_COMMENTS = YES;
				CLANG_WARN_EMPTY_BODY = YES;
				CLANG_WARN_ENUM_CONVERSION = YES;
				CLANG_WARN_INFINITE_RECURSION = YES;
				CLANG_WARN_INT_CONVERSION = YES;
				CLANG_WARN_NON_LITERAL_NULL_CONVERSION = YES;
				CLANG_WARN_OBJC_IMPLICIT_RETAIN_SELF = YES;
				CLANG_WARN_OBJC_LITERAL_CONVERSION = YES;
				CLANG_WARN_OBJC_ROOT_CLASS = YES_ERROR;
				CLANG_WARN_RANGE_LOOP_ANALYSIS = YES;
				CLANG_WARN_STRICT_PROTOTYPES = YES;
				CLANG_WARN_SUSPICIOUS_MOVE = YES;
				CLANG_WARN_UNGUARDED_AVAILABILITY = YES_AGGRESSIVE;
				CLANG_WARN_UNREACHABLE_CODE = YES;
				CLANG_WARN__DUPLICATE_METHOD_MATCH = YES;
				COPY_PHASE_STRIP = NO;
				DEBUG_INFORMATION_FORMAT = "dwarf-with-dsym";
				ENABLE_NS_ASSERTIONS = NO;
				ENABLE_STRICT_OBJC_MSGSEND = YES;
				GCC_C_LANGUAGE_STANDARD = gnu11;
				GCC_NO_COMMON_BLOCKS = YES;
				GCC_WARN_64_TO_32_BIT_CONVERSION = YES;
				GCC_WARN_ABOUT_RETURN_TYPE = YES_ERROR;
				GCC_WARN_UNDECLARED_SELECTOR = YES;
				GCC_WARN_UNINITIALIZED_AUTOS = YES_AGGRESSIVE;
				GCC_WARN_UNUSED_FUNCTION = YES;
				GCC_WARN_UNUSED_VARIABLE = YES;
				MTL_ENABLE_DEBUG_INFO = NO;
				MTL_FAST_MATH = YES;
				SDKROOT = iphoneos;
				SWIFT_COMPILATION_MODE = wholemodule;
				SWIFT_OPTIMIZATION_LEVEL = "-O";
				VALIDATE_PRODUCT = YES;
			};
			name = Release;
		};
		6E4D4DE72499769C002E980E /* Debug */ = {
			isa = XCBuildConfiguration;
			buildSettings = {
				ASSETCATALOG_COMPILER_COMPLICATION_NAME = Complication;
				CODE_SIGN_STYLE = Automatic;
				CURRENT_PROJECT_VERSION = 2;
				DEVELOPMENT_TEAM = Z27F7H4265;
				INFOPLIST_FILE = "TendApp WatchKit Extension/Info.plist";
				LD_RUNPATH_SEARCH_PATHS = (
					"$(inherited)",
					"@executable_path/Frameworks",
					"@executable_path/../../Frameworks",
				);
				MARKETING_VERSION = 1.05;
				PRODUCT_BUNDLE_IDENTIFIER = com.mateusferreira.TendApp.watchkitapp.watchkitextension;
				PRODUCT_NAME = "TendApp WatchKit Extension";
				SDKROOT = watchos;
				SKIP_INSTALL = YES;
				SWIFT_VERSION = 5.0;
				TARGETED_DEVICE_FAMILY = 4;
				WATCHOS_DEPLOYMENT_TARGET = 6.2;
			};
			name = Debug;
		};
		6E4D4DE82499769C002E980E /* Release */ = {
			isa = XCBuildConfiguration;
			buildSettings = {
				ASSETCATALOG_COMPILER_COMPLICATION_NAME = Complication;
				CODE_SIGN_STYLE = Automatic;
				CURRENT_PROJECT_VERSION = 2;
				DEVELOPMENT_TEAM = Z27F7H4265;
				INFOPLIST_FILE = "TendApp WatchKit Extension/Info.plist";
				LD_RUNPATH_SEARCH_PATHS = (
					"$(inherited)",
					"@executable_path/Frameworks",
					"@executable_path/../../Frameworks",
				);
				MARKETING_VERSION = 1.05;
				PRODUCT_BUNDLE_IDENTIFIER = com.mateusferreira.TendApp.watchkitapp.watchkitextension;
				PRODUCT_NAME = "TendApp WatchKit Extension";
				SDKROOT = watchos;
				SKIP_INSTALL = YES;
				SWIFT_VERSION = 5.0;
				TARGETED_DEVICE_FAMILY = 4;
				WATCHOS_DEPLOYMENT_TARGET = 6.2;
			};
			name = Release;
		};
		6E4D4DEB2499769C002E980E /* Debug */ = {
			isa = XCBuildConfiguration;
			buildSettings = {
				ALWAYS_EMBED_SWIFT_STANDARD_LIBRARIES = YES;
				ASSETCATALOG_COMPILER_APPICON_NAME = AppIcon;
				CODE_SIGN_STYLE = Automatic;
				CURRENT_PROJECT_VERSION = 2;
				DEVELOPMENT_TEAM = Z27F7H4265;
				IBSC_MODULE = TendApp_WatchKit_Extension;
				INFOPLIST_FILE = "TendApp WatchKit App/Info.plist";
				MARKETING_VERSION = 1.05;
				PRODUCT_BUNDLE_IDENTIFIER = com.mateusferreira.TendApp.watchkitapp;
				PRODUCT_NAME = "TendApp WatchKit App";
				SDKROOT = watchos;
				SKIP_INSTALL = YES;
				SWIFT_VERSION = 5.0;
				TARGETED_DEVICE_FAMILY = 4;
				WATCHOS_DEPLOYMENT_TARGET = 6.2;
			};
			name = Debug;
		};
		6E4D4DEC2499769C002E980E /* Release */ = {
			isa = XCBuildConfiguration;
			buildSettings = {
				ALWAYS_EMBED_SWIFT_STANDARD_LIBRARIES = YES;
				ASSETCATALOG_COMPILER_APPICON_NAME = AppIcon;
				CODE_SIGN_STYLE = Automatic;
				CURRENT_PROJECT_VERSION = 2;
				DEVELOPMENT_TEAM = Z27F7H4265;
				IBSC_MODULE = TendApp_WatchKit_Extension;
				INFOPLIST_FILE = "TendApp WatchKit App/Info.plist";
				MARKETING_VERSION = 1.05;
				PRODUCT_BUNDLE_IDENTIFIER = com.mateusferreira.TendApp.watchkitapp;
				PRODUCT_NAME = "TendApp WatchKit App";
				SDKROOT = watchos;
				SKIP_INSTALL = YES;
				SWIFT_VERSION = 5.0;
				TARGETED_DEVICE_FAMILY = 4;
				WATCHOS_DEPLOYMENT_TARGET = 6.2;
			};
			name = Release;
		};
		6E4D4DEF2499769C002E980E /* Debug */ = {
			isa = XCBuildConfiguration;
			buildSettings = {
				CODE_SIGN_STYLE = Automatic;
				CURRENT_PROJECT_VERSION = 2;
				DEVELOPMENT_TEAM = Z27F7H4265;
				MARKETING_VERSION = 1.05;
				PRODUCT_BUNDLE_IDENTIFIER = com.mateusferreira.TendApp;
				PRODUCT_NAME = TendApp;
				SWIFT_VERSION = 5.0;
			};
			name = Debug;
		};
		6E4D4DF02499769C002E980E /* Release */ = {
			isa = XCBuildConfiguration;
			buildSettings = {
				CODE_SIGN_STYLE = Automatic;
				CURRENT_PROJECT_VERSION = 2;
				DEVELOPMENT_TEAM = Z27F7H4265;
				MARKETING_VERSION = 1.05;
				PRODUCT_BUNDLE_IDENTIFIER = com.mateusferreira.TendApp;
				PRODUCT_NAME = TendApp;
				SWIFT_VERSION = 5.0;
			};
			name = Release;
		};
/* End XCBuildConfiguration section */

/* Begin XCConfigurationList section */
		6E4D4DBD24997698002E980E /* Build configuration list for PBXProject "TendApp" */ = {
			isa = XCConfigurationList;
			buildConfigurations = (
				6E4D4DE42499769C002E980E /* Debug */,
				6E4D4DE52499769C002E980E /* Release */,
			);
			defaultConfigurationIsVisible = 0;
			defaultConfigurationName = Release;
		};
		6E4D4DE62499769C002E980E /* Build configuration list for PBXNativeTarget "TendApp WatchKit Extension" */ = {
			isa = XCConfigurationList;
			buildConfigurations = (
				6E4D4DE72499769C002E980E /* Debug */,
				6E4D4DE82499769C002E980E /* Release */,
			);
			defaultConfigurationIsVisible = 0;
			defaultConfigurationName = Release;
		};
		6E4D4DEA2499769C002E980E /* Build configuration list for PBXNativeTarget "TendApp WatchKit App" */ = {
			isa = XCConfigurationList;
			buildConfigurations = (
				6E4D4DEB2499769C002E980E /* Debug */,
				6E4D4DEC2499769C002E980E /* Release */,
			);
			defaultConfigurationIsVisible = 0;
			defaultConfigurationName = Release;
		};
		6E4D4DEE2499769C002E980E /* Build configuration list for PBXNativeTarget "TendApp" */ = {
			isa = XCConfigurationList;
			buildConfigurations = (
				6E4D4DEF2499769C002E980E /* Debug */,
				6E4D4DF02499769C002E980E /* Release */,
			);
			defaultConfigurationIsVisible = 0;
			defaultConfigurationName = Release;
		};
/* End XCConfigurationList section */
	};
	rootObject = 6E4D4DBA24997698002E980E /* Project object */;
}
