// !$*UTF8*$!
{
	archiveVersion = 1;
	classes = {
	};
	objectVersion = 50;
	objects = {

/* Begin PBXBuildFile section */
		6E4D4DC524997698002E980E /* TendApp WatchKit App.app in Embed Watch Content */ = {isa = PBXBuildFile; fileRef = 6E4D4DC424997698002E980E /* TendApp WatchKit App.app */; settings = {ATTRIBUTES = (RemoveHeadersOnCopy, ); }; };
		6E4D4DCB24997698002E980E /* Interface.storyboard in Resources */ = {isa = PBXBuildFile; fileRef = 6E4D4DC924997698002E980E /* Interface.storyboard */; };
		6E4D4DCD2499769A002E980E /* Assets.xcassets in Resources */ = {isa = PBXBuildFile; fileRef = 6E4D4DCC2499769A002E980E /* Assets.xcassets */; };
		6E4D4DD42499769A002E980E /* TendApp WatchKit Extension.appex in Embed App Extensions */ = {isa = PBXBuildFile; fileRef = 6E4D4DD32499769A002E980E /* TendApp WatchKit Extension.appex */; settings = {ATTRIBUTES = (RemoveHeadersOnCopy, ); }; };
		6E4D4DD92499769A002E980E /* InterfaceController.swift in Sources */ = {isa = PBXBuildFile; fileRef = 6E4D4DD82499769A002E980E /* InterfaceController.swift */; };
		6E4D4DDB2499769A002E980E /* ExtensionDelegate.swift in Sources */ = {isa = PBXBuildFile; fileRef = 6E4D4DDA2499769A002E980E /* ExtensionDelegate.swift */; };
		6E4D4DDD2499769A002E980E /* NotificationController.swift in Sources */ = {isa = PBXBuildFile; fileRef = 6E4D4DDC2499769A002E980E /* NotificationController.swift */; };
		6E4D4DDF2499769A002E980E /* ComplicationController.swift in Sources */ = {isa = PBXBuildFile; fileRef = 6E4D4DDE2499769A002E980E /* ComplicationController.swift */; };
		6E4D4DE12499769C002E980E /* Assets.xcassets in Resources */ = {isa = PBXBuildFile; fileRef = 6E4D4DE02499769C002E980E /* Assets.xcassets */; };
		6EC9141324A4138600B5E458 /* WeekController.swift in Sources */ = {isa = PBXBuildFile; fileRef = 6EC9141224A4138600B5E458 /* WeekController.swift */; };
		6EFC0DA2249D18280045BBC0 /* Localizable.strings in Resources */ = {isa = PBXBuildFile; fileRef = 6EFC0DA4249D18280045BBC0 /* Localizable.strings */; };
		6EFC0DA9249D1D480045BBC0 /* PersistentData.swift in Sources */ = {isa = PBXBuildFile; fileRef = 6EFC0DA8249D1D480045BBC0 /* PersistentData.swift */; };
		7F0972D024AFFD9A00B0613C /* initialButton0072.png in Resources */ = {isa = PBXBuildFile; fileRef = 7F09727624AFFD9000B0613C /* initialButton0072.png */; };
		7F0972D124AFFD9A00B0613C /* initialButton0082.png in Resources */ = {isa = PBXBuildFile; fileRef = 7F09727724AFFD9100B0613C /* initialButton0082.png */; };
		7F0972D224AFFD9A00B0613C /* initialButton0074.png in Resources */ = {isa = PBXBuildFile; fileRef = 7F09727824AFFD9100B0613C /* initialButton0074.png */; };
		7F0972D324AFFD9A00B0613C /* initialButton0046.png in Resources */ = {isa = PBXBuildFile; fileRef = 7F09727924AFFD9100B0613C /* initialButton0046.png */; };
		7F0972D424AFFD9A00B0613C /* initialButton0011.png in Resources */ = {isa = PBXBuildFile; fileRef = 7F09727A24AFFD9200B0613C /* initialButton0011.png */; };
		7F0972D524AFFD9A00B0613C /* initialButton0057.png in Resources */ = {isa = PBXBuildFile; fileRef = 7F09727B24AFFD9200B0613C /* initialButton0057.png */; };
		7F0972D624AFFD9A00B0613C /* initialButton0086.png in Resources */ = {isa = PBXBuildFile; fileRef = 7F09727C24AFFD9200B0613C /* initialButton0086.png */; };
		7F0972D724AFFD9A00B0613C /* initialButton0090.png in Resources */ = {isa = PBXBuildFile; fileRef = 7F09727D24AFFD9300B0613C /* initialButton0090.png */; };
		7F0972D824AFFD9A00B0613C /* initialButton0020.png in Resources */ = {isa = PBXBuildFile; fileRef = 7F09727E24AFFD9300B0613C /* initialButton0020.png */; };
		7F0972D924AFFD9A00B0613C /* initialButton0083.png in Resources */ = {isa = PBXBuildFile; fileRef = 7F09727F24AFFD9300B0613C /* initialButton0083.png */; };
		7F0972DA24AFFD9A00B0613C /* initialButton0062.png in Resources */ = {isa = PBXBuildFile; fileRef = 7F09728024AFFD9300B0613C /* initialButton0062.png */; };
		7F0972DB24AFFD9A00B0613C /* initialButton0001.png in Resources */ = {isa = PBXBuildFile; fileRef = 7F09728124AFFD9300B0613C /* initialButton0001.png */; };
		7F0972DC24AFFD9A00B0613C /* initialButton0014.png in Resources */ = {isa = PBXBuildFile; fileRef = 7F09728224AFFD9300B0613C /* initialButton0014.png */; };
		7F0972DD24AFFD9A00B0613C /* initialButton0026.png in Resources */ = {isa = PBXBuildFile; fileRef = 7F09728324AFFD9300B0613C /* initialButton0026.png */; };
		7F0972DE24AFFD9A00B0613C /* initialButton0076.png in Resources */ = {isa = PBXBuildFile; fileRef = 7F09728424AFFD9300B0613C /* initialButton0076.png */; };
		7F0972DF24AFFD9A00B0613C /* initialButton0085.png in Resources */ = {isa = PBXBuildFile; fileRef = 7F09728524AFFD9300B0613C /* initialButton0085.png */; };
		7F0972E024AFFD9A00B0613C /* initialButton0052.png in Resources */ = {isa = PBXBuildFile; fileRef = 7F09728624AFFD9300B0613C /* initialButton0052.png */; };
		7F0972E124AFFD9A00B0613C /* initialButton0073.png in Resources */ = {isa = PBXBuildFile; fileRef = 7F09728724AFFD9300B0613C /* initialButton0073.png */; };
		7F0972E224AFFD9A00B0613C /* initialButton0002.png in Resources */ = {isa = PBXBuildFile; fileRef = 7F09728824AFFD9300B0613C /* initialButton0002.png */; };
		7F0972E324AFFD9A00B0613C /* initialButton0021.png in Resources */ = {isa = PBXBuildFile; fileRef = 7F09728924AFFD9300B0613C /* initialButton0021.png */; };
		7F0972E424AFFD9A00B0613C /* initialButton0019.png in Resources */ = {isa = PBXBuildFile; fileRef = 7F09728A24AFFD9400B0613C /* initialButton0019.png */; };
		7F0972E524AFFD9A00B0613C /* initialButton0017.png in Resources */ = {isa = PBXBuildFile; fileRef = 7F09728B24AFFD9400B0613C /* initialButton0017.png */; };
		7F0972E624AFFD9A00B0613C /* initialButton0016.png in Resources */ = {isa = PBXBuildFile; fileRef = 7F09728C24AFFD9400B0613C /* initialButton0016.png */; };
		7F0972E724AFFD9A00B0613C /* initialButton0028.png in Resources */ = {isa = PBXBuildFile; fileRef = 7F09728D24AFFD9400B0613C /* initialButton0028.png */; };
		7F0972E824AFFD9A00B0613C /* initialButton0064.png in Resources */ = {isa = PBXBuildFile; fileRef = 7F09728E24AFFD9400B0613C /* initialButton0064.png */; };
		7F0972E924AFFD9A00B0613C /* initialButton0077.png in Resources */ = {isa = PBXBuildFile; fileRef = 7F09728F24AFFD9400B0613C /* initialButton0077.png */; };
		7F0972EA24AFFD9A00B0613C /* initialButton0018.png in Resources */ = {isa = PBXBuildFile; fileRef = 7F09729024AFFD9400B0613C /* initialButton0018.png */; };
		7F0972EB24AFFD9A00B0613C /* initialButton0063.png in Resources */ = {isa = PBXBuildFile; fileRef = 7F09729124AFFD9400B0613C /* initialButton0063.png */; };
		7F0972EC24AFFD9A00B0613C /* initialButton0029.png in Resources */ = {isa = PBXBuildFile; fileRef = 7F09729224AFFD9400B0613C /* initialButton0029.png */; };
		7F0972ED24AFFD9A00B0613C /* initialButton0045.png in Resources */ = {isa = PBXBuildFile; fileRef = 7F09729324AFFD9400B0613C /* initialButton0045.png */; };
		7F0972EE24AFFD9A00B0613C /* initialButton0056.png in Resources */ = {isa = PBXBuildFile; fileRef = 7F09729424AFFD9400B0613C /* initialButton0056.png */; };
		7F0972EF24AFFD9A00B0613C /* initialButton0037.png in Resources */ = {isa = PBXBuildFile; fileRef = 7F09729524AFFD9500B0613C /* initialButton0037.png */; };
		7F0972F024AFFD9A00B0613C /* initialButton0047.png in Resources */ = {isa = PBXBuildFile; fileRef = 7F09729624AFFD9500B0613C /* initialButton0047.png */; };
		7F0972F124AFFD9A00B0613C /* initialButton0030.png in Resources */ = {isa = PBXBuildFile; fileRef = 7F09729724AFFD9500B0613C /* initialButton0030.png */; };
		7F0972F224AFFD9A00B0613C /* initialButton0048.png in Resources */ = {isa = PBXBuildFile; fileRef = 7F09729824AFFD9500B0613C /* initialButton0048.png */; };
		7F0972F324AFFD9A00B0613C /* initialButton0043.png in Resources */ = {isa = PBXBuildFile; fileRef = 7F09729924AFFD9500B0613C /* initialButton0043.png */; };
		7F0972F424AFFD9A00B0613C /* initialButton0071.png in Resources */ = {isa = PBXBuildFile; fileRef = 7F09729A24AFFD9500B0613C /* initialButton0071.png */; };
		7F0972F524AFFD9A00B0613C /* initialButton0081.png in Resources */ = {isa = PBXBuildFile; fileRef = 7F09729B24AFFD9500B0613C /* initialButton0081.png */; };
		7F0972F624AFFD9A00B0613C /* initialButton0032.png in Resources */ = {isa = PBXBuildFile; fileRef = 7F09729C24AFFD9500B0613C /* initialButton0032.png */; };
		7F0972F724AFFD9A00B0613C /* initialButton0054.png in Resources */ = {isa = PBXBuildFile; fileRef = 7F09729D24AFFD9500B0613C /* initialButton0054.png */; };
		7F0972F824AFFD9A00B0613C /* initialButton0042.png in Resources */ = {isa = PBXBuildFile; fileRef = 7F09729E24AFFD9500B0613C /* initialButton0042.png */; };
		7F0972F924AFFD9A00B0613C /* initialButton0034.png in Resources */ = {isa = PBXBuildFile; fileRef = 7F09729F24AFFD9500B0613C /* initialButton0034.png */; };
		7F0972FA24AFFD9A00B0613C /* initialButton0080.png in Resources */ = {isa = PBXBuildFile; fileRef = 7F0972A024AFFD9500B0613C /* initialButton0080.png */; };
		7F0972FB24AFFD9A00B0613C /* initialButton0010.png in Resources */ = {isa = PBXBuildFile; fileRef = 7F0972A124AFFD9600B0613C /* initialButton0010.png */; };
		7F0972FC24AFFD9A00B0613C /* initialButton0023.png in Resources */ = {isa = PBXBuildFile; fileRef = 7F0972A224AFFD9600B0613C /* initialButton0023.png */; };
		7F0972FD24AFFD9A00B0613C /* initialButton0025.png in Resources */ = {isa = PBXBuildFile; fileRef = 7F0972A324AFFD9600B0613C /* initialButton0025.png */; };
		7F0972FE24AFFD9A00B0613C /* initialButton0005.png in Resources */ = {isa = PBXBuildFile; fileRef = 7F0972A424AFFD9600B0613C /* initialButton0005.png */; };
		7F0972FF24AFFD9A00B0613C /* initialButton0049.png in Resources */ = {isa = PBXBuildFile; fileRef = 7F0972A524AFFD9600B0613C /* initialButton0049.png */; };
		7F09730024AFFD9A00B0613C /* initialButton0033.png in Resources */ = {isa = PBXBuildFile; fileRef = 7F0972A624AFFD9600B0613C /* initialButton0033.png */; };
		7F09730124AFFD9A00B0613C /* initialButton0059.png in Resources */ = {isa = PBXBuildFile; fileRef = 7F0972A724AFFD9600B0613C /* initialButton0059.png */; };
		7F09730224AFFD9A00B0613C /* initialButton0039.png in Resources */ = {isa = PBXBuildFile; fileRef = 7F0972A824AFFD9600B0613C /* initialButton0039.png */; };
		7F09730324AFFD9A00B0613C /* initialButton0079.png in Resources */ = {isa = PBXBuildFile; fileRef = 7F0972A924AFFD9600B0613C /* initialButton0079.png */; };
		7F09730424AFFD9A00B0613C /* initialButton0006.png in Resources */ = {isa = PBXBuildFile; fileRef = 7F0972AA24AFFD9600B0613C /* initialButton0006.png */; };
		7F09730524AFFD9A00B0613C /* initialButton0044.png in Resources */ = {isa = PBXBuildFile; fileRef = 7F0972AB24AFFD9600B0613C /* initialButton0044.png */; };
		7F09730624AFFD9A00B0613C /* initialButton0038.png in Resources */ = {isa = PBXBuildFile; fileRef = 7F0972AC24AFFD9700B0613C /* initialButton0038.png */; };
		7F09730724AFFD9A00B0613C /* initialButton0027.png in Resources */ = {isa = PBXBuildFile; fileRef = 7F0972AD24AFFD9700B0613C /* initialButton0027.png */; };
		7F09730824AFFD9A00B0613C /* initialButton0069.png in Resources */ = {isa = PBXBuildFile; fileRef = 7F0972AE24AFFD9700B0613C /* initialButton0069.png */; };
		7F09730924AFFD9A00B0613C /* initialButton0004.png in Resources */ = {isa = PBXBuildFile; fileRef = 7F0972AF24AFFD9700B0613C /* initialButton0004.png */; };
		7F09730A24AFFD9A00B0613C /* initialButton0022.png in Resources */ = {isa = PBXBuildFile; fileRef = 7F0972B024AFFD9700B0613C /* initialButton0022.png */; };
		7F09730B24AFFD9A00B0613C /* initialButton0087.png in Resources */ = {isa = PBXBuildFile; fileRef = 7F0972B124AFFD9700B0613C /* initialButton0087.png */; };
		7F09730C24AFFD9A00B0613C /* initialButton0036.png in Resources */ = {isa = PBXBuildFile; fileRef = 7F0972B224AFFD9700B0613C /* initialButton0036.png */; };
		7F09730D24AFFD9A00B0613C /* initialButton0066.png in Resources */ = {isa = PBXBuildFile; fileRef = 7F0972B324AFFD9700B0613C /* initialButton0066.png */; };
		7F09730E24AFFD9A00B0613C /* initialButton0003.png in Resources */ = {isa = PBXBuildFile; fileRef = 7F0972B424AFFD9700B0613C /* initialButton0003.png */; };
		7F09730F24AFFD9A00B0613C /* initialButton0068.png in Resources */ = {isa = PBXBuildFile; fileRef = 7F0972B524AFFD9700B0613C /* initialButton0068.png */; };
		7F09731024AFFD9A00B0613C /* initialButton0089.png in Resources */ = {isa = PBXBuildFile; fileRef = 7F0972B624AFFD9800B0613C /* initialButton0089.png */; };
		7F09731124AFFD9A00B0613C /* initialButton0055.png in Resources */ = {isa = PBXBuildFile; fileRef = 7F0972B724AFFD9800B0613C /* initialButton0055.png */; };
		7F09731224AFFD9A00B0613C /* initialButton0050.png in Resources */ = {isa = PBXBuildFile; fileRef = 7F0972B824AFFD9800B0613C /* initialButton0050.png */; };
		7F09731324AFFD9A00B0613C /* initialButton0051.png in Resources */ = {isa = PBXBuildFile; fileRef = 7F0972B924AFFD9800B0613C /* initialButton0051.png */; };
		7F09731424AFFD9A00B0613C /* initialButton0041.png in Resources */ = {isa = PBXBuildFile; fileRef = 7F0972BA24AFFD9800B0613C /* initialButton0041.png */; };
		7F09731524AFFD9A00B0613C /* initialButton0053.png in Resources */ = {isa = PBXBuildFile; fileRef = 7F0972BB24AFFD9800B0613C /* initialButton0053.png */; };
		7F09731624AFFD9A00B0613C /* initialButton0024.png in Resources */ = {isa = PBXBuildFile; fileRef = 7F0972BC24AFFD9800B0613C /* initialButton0024.png */; };
		7F09731724AFFD9A00B0613C /* initialButton0058.png in Resources */ = {isa = PBXBuildFile; fileRef = 7F0972BD24AFFD9800B0613C /* initialButton0058.png */; };
		7F09731824AFFD9A00B0613C /* initialButton0035.png in Resources */ = {isa = PBXBuildFile; fileRef = 7F0972BE24AFFD9800B0613C /* initialButton0035.png */; };
		7F09731924AFFD9A00B0613C /* initialButton0067.png in Resources */ = {isa = PBXBuildFile; fileRef = 7F0972BF24AFFD9800B0613C /* initialButton0067.png */; };
		7F09731A24AFFD9A00B0613C /* initialButton0040.png in Resources */ = {isa = PBXBuildFile; fileRef = 7F0972C024AFFD9800B0613C /* initialButton0040.png */; };
		7F09731B24AFFD9A00B0613C /* initialButton0013.png in Resources */ = {isa = PBXBuildFile; fileRef = 7F0972C124AFFD9800B0613C /* initialButton0013.png */; };
		7F09731C24AFFD9A00B0613C /* initialButton0031.png in Resources */ = {isa = PBXBuildFile; fileRef = 7F0972C224AFFD9900B0613C /* initialButton0031.png */; };
		7F09731D24AFFD9A00B0613C /* initialButton0008.png in Resources */ = {isa = PBXBuildFile; fileRef = 7F0972C324AFFD9900B0613C /* initialButton0008.png */; };
		7F09731E24AFFD9A00B0613C /* initialButton0065.png in Resources */ = {isa = PBXBuildFile; fileRef = 7F0972C424AFFD9900B0613C /* initialButton0065.png */; };
		7F09731F24AFFD9A00B0613C /* initialButton0007.png in Resources */ = {isa = PBXBuildFile; fileRef = 7F0972C524AFFD9900B0613C /* initialButton0007.png */; };
		7F09732024AFFD9A00B0613C /* initialButton0075.png in Resources */ = {isa = PBXBuildFile; fileRef = 7F0972C624AFFD9900B0613C /* initialButton0075.png */; };
		7F09732124AFFD9A00B0613C /* initialButton0060.png in Resources */ = {isa = PBXBuildFile; fileRef = 7F0972C724AFFD9900B0613C /* initialButton0060.png */; };
		7F09732224AFFD9A00B0613C /* initialButton0084.png in Resources */ = {isa = PBXBuildFile; fileRef = 7F0972C824AFFD9900B0613C /* initialButton0084.png */; };
		7F09732324AFFD9A00B0613C /* initialButton0078.png in Resources */ = {isa = PBXBuildFile; fileRef = 7F0972C924AFFD9900B0613C /* initialButton0078.png */; };
		7F09732424AFFD9A00B0613C /* initialButton0061.png in Resources */ = {isa = PBXBuildFile; fileRef = 7F0972CA24AFFD9900B0613C /* initialButton0061.png */; };
		7F09732524AFFD9A00B0613C /* initialButton0088.png in Resources */ = {isa = PBXBuildFile; fileRef = 7F0972CB24AFFD9900B0613C /* initialButton0088.png */; };
		7F09732624AFFD9A00B0613C /* initialButton0009.png in Resources */ = {isa = PBXBuildFile; fileRef = 7F0972CC24AFFD9900B0613C /* initialButton0009.png */; };
		7F09732724AFFD9A00B0613C /* initialButton0015.png in Resources */ = {isa = PBXBuildFile; fileRef = 7F0972CD24AFFD9A00B0613C /* initialButton0015.png */; };
		7F09732824AFFD9A00B0613C /* initialButton0012.png in Resources */ = {isa = PBXBuildFile; fileRef = 7F0972CE24AFFD9A00B0613C /* initialButton0012.png */; };
		7F09732924AFFD9A00B0613C /* initialButton0070.png in Resources */ = {isa = PBXBuildFile; fileRef = 7F0972CF24AFFD9A00B0613C /* initialButton0070.png */; };
		7F14CAAF24A9881B00BF53E9 /* single0026.png in Resources */ = {isa = PBXBuildFile; fileRef = 7F14CA9524A9881900BF53E9 /* single0026.png */; };
		7F14CAB024A9881B00BF53E9 /* single0016.png in Resources */ = {isa = PBXBuildFile; fileRef = 7F14CA9624A9881900BF53E9 /* single0016.png */; };
		7F14CAB124A9881B00BF53E9 /* single0009.png in Resources */ = {isa = PBXBuildFile; fileRef = 7F14CA9724A9881900BF53E9 /* single0009.png */; };
		7F14CAB224A9881B00BF53E9 /* single0010.png in Resources */ = {isa = PBXBuildFile; fileRef = 7F14CA9824A9881A00BF53E9 /* single0010.png */; };
		7F14CAB324A9881B00BF53E9 /* single0011.png in Resources */ = {isa = PBXBuildFile; fileRef = 7F14CA9924A9881A00BF53E9 /* single0011.png */; };
		7F14CAB424A9881B00BF53E9 /* single0003.png in Resources */ = {isa = PBXBuildFile; fileRef = 7F14CA9A24A9881A00BF53E9 /* single0003.png */; };
		7F14CAB524A9881B00BF53E9 /* single0007.png in Resources */ = {isa = PBXBuildFile; fileRef = 7F14CA9B24A9881A00BF53E9 /* single0007.png */; };
		7F14CAB624A9881B00BF53E9 /* single0020.png in Resources */ = {isa = PBXBuildFile; fileRef = 7F14CA9C24A9881A00BF53E9 /* single0020.png */; };
		7F14CAB724A9881B00BF53E9 /* single0005.png in Resources */ = {isa = PBXBuildFile; fileRef = 7F14CA9D24A9881A00BF53E9 /* single0005.png */; };
		7F14CAB824A9881B00BF53E9 /* single0006.png in Resources */ = {isa = PBXBuildFile; fileRef = 7F14CA9E24A9881A00BF53E9 /* single0006.png */; };
		7F14CAB924A9881B00BF53E9 /* single0019.png in Resources */ = {isa = PBXBuildFile; fileRef = 7F14CA9F24A9881A00BF53E9 /* single0019.png */; };
		7F14CABA24A9881B00BF53E9 /* single0021.png in Resources */ = {isa = PBXBuildFile; fileRef = 7F14CAA024A9881A00BF53E9 /* single0021.png */; };
		7F14CABB24A9881B00BF53E9 /* single0015.png in Resources */ = {isa = PBXBuildFile; fileRef = 7F14CAA124A9881A00BF53E9 /* single0015.png */; };
		7F14CABC24A9881B00BF53E9 /* single0025.png in Resources */ = {isa = PBXBuildFile; fileRef = 7F14CAA224A9881A00BF53E9 /* single0025.png */; };
		7F14CABD24A9881B00BF53E9 /* single0013.png in Resources */ = {isa = PBXBuildFile; fileRef = 7F14CAA324A9881A00BF53E9 /* single0013.png */; };
		7F14CABE24A9881B00BF53E9 /* single0008.png in Resources */ = {isa = PBXBuildFile; fileRef = 7F14CAA424A9881A00BF53E9 /* single0008.png */; };
		7F14CABF24A9881B00BF53E9 /* single0024.png in Resources */ = {isa = PBXBuildFile; fileRef = 7F14CAA524A9881A00BF53E9 /* single0024.png */; };
		7F14CAC024A9881B00BF53E9 /* single0014.png in Resources */ = {isa = PBXBuildFile; fileRef = 7F14CAA624A9881B00BF53E9 /* single0014.png */; };
		7F14CAC124A9881B00BF53E9 /* single0002.png in Resources */ = {isa = PBXBuildFile; fileRef = 7F14CAA724A9881B00BF53E9 /* single0002.png */; };
		7F14CAC224A9881B00BF53E9 /* single0017.png in Resources */ = {isa = PBXBuildFile; fileRef = 7F14CAA824A9881B00BF53E9 /* single0017.png */; };
		7F14CAC324A9881B00BF53E9 /* single0023.png in Resources */ = {isa = PBXBuildFile; fileRef = 7F14CAA924A9881B00BF53E9 /* single0023.png */; };
		7F14CAC424A9881B00BF53E9 /* single0018.png in Resources */ = {isa = PBXBuildFile; fileRef = 7F14CAAA24A9881B00BF53E9 /* single0018.png */; };
		7F14CAC524A9881B00BF53E9 /* single0012.png in Resources */ = {isa = PBXBuildFile; fileRef = 7F14CAAB24A9881B00BF53E9 /* single0012.png */; };
		7F14CAC624A9881B00BF53E9 /* single0022.png in Resources */ = {isa = PBXBuildFile; fileRef = 7F14CAAC24A9881B00BF53E9 /* single0022.png */; };
		7F14CAC724A9881B00BF53E9 /* single0004.png in Resources */ = {isa = PBXBuildFile; fileRef = 7F14CAAD24A9881B00BF53E9 /* single0004.png */; };
		7F14CAC824A9881B00BF53E9 /* single0001.png in Resources */ = {isa = PBXBuildFile; fileRef = 7F14CAAE24A9881B00BF53E9 /* single0001.png */; };
		7F1B0E97249D37D000E17D04 /* StretchingStrategy.swift in Sources */ = {isa = PBXBuildFile; fileRef = 7F1B0E96249D37D000E17D04 /* StretchingStrategy.swift */; };
		7F1B0E9A249D382400E17D04 /* StretchingHand.swift in Sources */ = {isa = PBXBuildFile; fileRef = 7F1B0E99249D382400E17D04 /* StretchingHand.swift */; };
		7F2AF8DE24A17AF100FF17B3 /* Animation.swift in Sources */ = {isa = PBXBuildFile; fileRef = 7F2AF8DD24A17AF100FF17B3 /* Animation.swift */; };
		7F2AF8E024A17B0700FF17B3 /* StretchingEnforcer.swift in Sources */ = {isa = PBXBuildFile; fileRef = 7F2AF8DF24A17B0700FF17B3 /* StretchingEnforcer.swift */; };
		7F4D4A8F249ECD2B00A7312C /* Localizable.strings in Resources */ = {isa = PBXBuildFile; fileRef = 6EFC0DA4249D18280045BBC0 /* Localizable.strings */; };
		7F5AD94524A94DD7006EE9B5 /* alongamento_1.png in Resources */ = {isa = PBXBuildFile; fileRef = 7F5AD94124A94DD6006EE9B5 /* alongamento_1.png */; };
		7F5AD94624A94DD7006EE9B5 /* alongamento_2.png in Resources */ = {isa = PBXBuildFile; fileRef = 7F5AD94224A94DD6006EE9B5 /* alongamento_2.png */; };
		7F5AD94A24A94F14006EE9B5 /* alongamento_12.png in Resources */ = {isa = PBXBuildFile; fileRef = 7F5AD94824A94F14006EE9B5 /* alongamento_12.png */; };
		7F5AD94B24A94F14006EE9B5 /* alongamento_22.png in Resources */ = {isa = PBXBuildFile; fileRef = 7F5AD94924A94F14006EE9B5 /* alongamento_22.png */; };
		7FC6691B24A6B183008D1D49 /* StretchingWrist.swift in Sources */ = {isa = PBXBuildFile; fileRef = 7FC6691A24A6B183008D1D49 /* StretchingWrist.swift */; };
		EF5BBC40249A8F8700CC3F0C /* StretchingController.swift in Sources */ = {isa = PBXBuildFile; fileRef = EF5BBC3F249A8F8700CC3F0C /* StretchingController.swift */; };
		F6938C5424A23E6F0012B149 /* Notification.swift in Sources */ = {isa = PBXBuildFile; fileRef = F6938C5324A23E6F0012B149 /* Notification.swift */; };
/* End PBXBuildFile section */

/* Begin PBXContainerItemProxy section */
		6E4D4DC624997698002E980E /* PBXContainerItemProxy */ = {
			isa = PBXContainerItemProxy;
			containerPortal = 6E4D4DBA24997698002E980E /* Project object */;
			proxyType = 1;
			remoteGlobalIDString = 6E4D4DC324997698002E980E;
			remoteInfo = "TendApp WatchKit App";
		};
		6E4D4DD52499769A002E980E /* PBXContainerItemProxy */ = {
			isa = PBXContainerItemProxy;
			containerPortal = 6E4D4DBA24997698002E980E /* Project object */;
			proxyType = 1;
			remoteGlobalIDString = 6E4D4DD22499769A002E980E;
			remoteInfo = "TendApp WatchKit Extension";
		};
/* End PBXContainerItemProxy section */

/* Begin PBXCopyFilesBuildPhase section */
		6E4D4DE92499769C002E980E /* Embed App Extensions */ = {
			isa = PBXCopyFilesBuildPhase;
			buildActionMask = 2147483647;
			dstPath = "";
			dstSubfolderSpec = 13;
			files = (
				6E4D4DD42499769A002E980E /* TendApp WatchKit Extension.appex in Embed App Extensions */,
			);
			name = "Embed App Extensions";
			runOnlyForDeploymentPostprocessing = 0;
		};
		6E4D4DED2499769C002E980E /* Embed Watch Content */ = {
			isa = PBXCopyFilesBuildPhase;
			buildActionMask = 2147483647;
			dstPath = "$(CONTENTS_FOLDER_PATH)/Watch";
			dstSubfolderSpec = 16;
			files = (
				6E4D4DC524997698002E980E /* TendApp WatchKit App.app in Embed Watch Content */,
			);
			name = "Embed Watch Content";
			runOnlyForDeploymentPostprocessing = 0;
		};
/* End PBXCopyFilesBuildPhase section */

/* Begin PBXFileReference section */
		6E4D4DC024997698002E980E /* TendApp.app */ = {isa = PBXFileReference; explicitFileType = wrapper.application; includeInIndex = 0; path = TendApp.app; sourceTree = BUILT_PRODUCTS_DIR; };
		6E4D4DC424997698002E980E /* TendApp WatchKit App.app */ = {isa = PBXFileReference; explicitFileType = wrapper.application; includeInIndex = 0; path = "TendApp WatchKit App.app"; sourceTree = BUILT_PRODUCTS_DIR; };
		6E4D4DCA24997698002E980E /* Base */ = {isa = PBXFileReference; lastKnownFileType = file.storyboard; name = Base; path = Base.lproj/Interface.storyboard; sourceTree = "<group>"; };
		6E4D4DCC2499769A002E980E /* Assets.xcassets */ = {isa = PBXFileReference; lastKnownFileType = folder.assetcatalog; path = Assets.xcassets; sourceTree = "<group>"; };
		6E4D4DCE2499769A002E980E /* Info.plist */ = {isa = PBXFileReference; lastKnownFileType = text.plist.xml; path = Info.plist; sourceTree = "<group>"; };
		6E4D4DD32499769A002E980E /* TendApp WatchKit Extension.appex */ = {isa = PBXFileReference; explicitFileType = "wrapper.app-extension"; includeInIndex = 0; path = "TendApp WatchKit Extension.appex"; sourceTree = BUILT_PRODUCTS_DIR; };
		6E4D4DD82499769A002E980E /* InterfaceController.swift */ = {isa = PBXFileReference; lastKnownFileType = sourcecode.swift; path = InterfaceController.swift; sourceTree = "<group>"; };
		6E4D4DDA2499769A002E980E /* ExtensionDelegate.swift */ = {isa = PBXFileReference; lastKnownFileType = sourcecode.swift; path = ExtensionDelegate.swift; sourceTree = "<group>"; };
		6E4D4DDC2499769A002E980E /* NotificationController.swift */ = {isa = PBXFileReference; lastKnownFileType = sourcecode.swift; path = NotificationController.swift; sourceTree = "<group>"; };
		6E4D4DDE2499769A002E980E /* ComplicationController.swift */ = {isa = PBXFileReference; lastKnownFileType = sourcecode.swift; path = ComplicationController.swift; sourceTree = "<group>"; };
		6E4D4DE02499769C002E980E /* Assets.xcassets */ = {isa = PBXFileReference; lastKnownFileType = folder.assetcatalog; path = Assets.xcassets; sourceTree = "<group>"; };
		6E4D4DE22499769C002E980E /* Info.plist */ = {isa = PBXFileReference; lastKnownFileType = text.plist.xml; path = Info.plist; sourceTree = "<group>"; };
		6E4D4DE32499769C002E980E /* PushNotificationPayload.apns */ = {isa = PBXFileReference; lastKnownFileType = text; path = PushNotificationPayload.apns; sourceTree = "<group>"; };
		6EC9141224A4138600B5E458 /* WeekController.swift */ = {isa = PBXFileReference; lastKnownFileType = sourcecode.swift; path = WeekController.swift; sourceTree = "<group>"; };
		6EFC0D9D249D179E0045BBC0 /* pt-BR */ = {isa = PBXFileReference; lastKnownFileType = text.plist.strings; name = "pt-BR"; path = "pt-BR.lproj/Interface.strings"; sourceTree = "<group>"; };
		6EFC0D9E249D17B50045BBC0 /* es */ = {isa = PBXFileReference; lastKnownFileType = text.plist.strings; name = es; path = es.lproj/Interface.strings; sourceTree = "<group>"; };
		6EFC0DA3249D18280045BBC0 /* en */ = {isa = PBXFileReference; lastKnownFileType = text.plist.strings; name = en; path = en.lproj/Localizable.strings; sourceTree = "<group>"; };
		6EFC0DA5249D182C0045BBC0 /* pt-BR */ = {isa = PBXFileReference; lastKnownFileType = text.plist.strings; name = "pt-BR"; path = "pt-BR.lproj/Localizable.strings"; sourceTree = "<group>"; };
		6EFC0DA6249D182D0045BBC0 /* es */ = {isa = PBXFileReference; lastKnownFileType = text.plist.strings; name = es; path = es.lproj/Localizable.strings; sourceTree = "<group>"; };
		6EFC0DA8249D1D480045BBC0 /* PersistentData.swift */ = {isa = PBXFileReference; lastKnownFileType = sourcecode.swift; path = PersistentData.swift; sourceTree = "<group>"; };
		7F09727624AFFD9000B0613C /* initialButton0072.png */ = {isa = PBXFileReference; lastKnownFileType = image.png; path = initialButton0072.png; sourceTree = "<group>"; };
		7F09727724AFFD9100B0613C /* initialButton0082.png */ = {isa = PBXFileReference; lastKnownFileType = image.png; path = initialButton0082.png; sourceTree = "<group>"; };
		7F09727824AFFD9100B0613C /* initialButton0074.png */ = {isa = PBXFileReference; lastKnownFileType = image.png; path = initialButton0074.png; sourceTree = "<group>"; };
		7F09727924AFFD9100B0613C /* initialButton0046.png */ = {isa = PBXFileReference; lastKnownFileType = image.png; path = initialButton0046.png; sourceTree = "<group>"; };
		7F09727A24AFFD9200B0613C /* initialButton0011.png */ = {isa = PBXFileReference; lastKnownFileType = image.png; path = initialButton0011.png; sourceTree = "<group>"; };
		7F09727B24AFFD9200B0613C /* initialButton0057.png */ = {isa = PBXFileReference; lastKnownFileType = image.png; path = initialButton0057.png; sourceTree = "<group>"; };
		7F09727C24AFFD9200B0613C /* initialButton0086.png */ = {isa = PBXFileReference; lastKnownFileType = image.png; path = initialButton0086.png; sourceTree = "<group>"; };
		7F09727D24AFFD9300B0613C /* initialButton0090.png */ = {isa = PBXFileReference; lastKnownFileType = image.png; path = initialButton0090.png; sourceTree = "<group>"; };
		7F09727E24AFFD9300B0613C /* initialButton0020.png */ = {isa = PBXFileReference; lastKnownFileType = image.png; path = initialButton0020.png; sourceTree = "<group>"; };
		7F09727F24AFFD9300B0613C /* initialButton0083.png */ = {isa = PBXFileReference; lastKnownFileType = image.png; path = initialButton0083.png; sourceTree = "<group>"; };
		7F09728024AFFD9300B0613C /* initialButton0062.png */ = {isa = PBXFileReference; lastKnownFileType = image.png; path = initialButton0062.png; sourceTree = "<group>"; };
		7F09728124AFFD9300B0613C /* initialButton0001.png */ = {isa = PBXFileReference; lastKnownFileType = image.png; path = initialButton0001.png; sourceTree = "<group>"; };
		7F09728224AFFD9300B0613C /* initialButton0014.png */ = {isa = PBXFileReference; lastKnownFileType = image.png; path = initialButton0014.png; sourceTree = "<group>"; };
		7F09728324AFFD9300B0613C /* initialButton0026.png */ = {isa = PBXFileReference; lastKnownFileType = image.png; path = initialButton0026.png; sourceTree = "<group>"; };
		7F09728424AFFD9300B0613C /* initialButton0076.png */ = {isa = PBXFileReference; lastKnownFileType = image.png; path = initialButton0076.png; sourceTree = "<group>"; };
		7F09728524AFFD9300B0613C /* initialButton0085.png */ = {isa = PBXFileReference; lastKnownFileType = image.png; path = initialButton0085.png; sourceTree = "<group>"; };
		7F09728624AFFD9300B0613C /* initialButton0052.png */ = {isa = PBXFileReference; lastKnownFileType = image.png; path = initialButton0052.png; sourceTree = "<group>"; };
		7F09728724AFFD9300B0613C /* initialButton0073.png */ = {isa = PBXFileReference; lastKnownFileType = image.png; path = initialButton0073.png; sourceTree = "<group>"; };
		7F09728824AFFD9300B0613C /* initialButton0002.png */ = {isa = PBXFileReference; lastKnownFileType = image.png; path = initialButton0002.png; sourceTree = "<group>"; };
		7F09728924AFFD9300B0613C /* initialButton0021.png */ = {isa = PBXFileReference; lastKnownFileType = image.png; path = initialButton0021.png; sourceTree = "<group>"; };
		7F09728A24AFFD9400B0613C /* initialButton0019.png */ = {isa = PBXFileReference; lastKnownFileType = image.png; path = initialButton0019.png; sourceTree = "<group>"; };
		7F09728B24AFFD9400B0613C /* initialButton0017.png */ = {isa = PBXFileReference; lastKnownFileType = image.png; path = initialButton0017.png; sourceTree = "<group>"; };
		7F09728C24AFFD9400B0613C /* initialButton0016.png */ = {isa = PBXFileReference; lastKnownFileType = image.png; path = initialButton0016.png; sourceTree = "<group>"; };
		7F09728D24AFFD9400B0613C /* initialButton0028.png */ = {isa = PBXFileReference; lastKnownFileType = image.png; path = initialButton0028.png; sourceTree = "<group>"; };
		7F09728E24AFFD9400B0613C /* initialButton0064.png */ = {isa = PBXFileReference; lastKnownFileType = image.png; path = initialButton0064.png; sourceTree = "<group>"; };
		7F09728F24AFFD9400B0613C /* initialButton0077.png */ = {isa = PBXFileReference; lastKnownFileType = image.png; path = initialButton0077.png; sourceTree = "<group>"; };
		7F09729024AFFD9400B0613C /* initialButton0018.png */ = {isa = PBXFileReference; lastKnownFileType = image.png; path = initialButton0018.png; sourceTree = "<group>"; };
		7F09729124AFFD9400B0613C /* initialButton0063.png */ = {isa = PBXFileReference; lastKnownFileType = image.png; path = initialButton0063.png; sourceTree = "<group>"; };
		7F09729224AFFD9400B0613C /* initialButton0029.png */ = {isa = PBXFileReference; lastKnownFileType = image.png; path = initialButton0029.png; sourceTree = "<group>"; };
		7F09729324AFFD9400B0613C /* initialButton0045.png */ = {isa = PBXFileReference; lastKnownFileType = image.png; path = initialButton0045.png; sourceTree = "<group>"; };
		7F09729424AFFD9400B0613C /* initialButton0056.png */ = {isa = PBXFileReference; lastKnownFileType = image.png; path = initialButton0056.png; sourceTree = "<group>"; };
		7F09729524AFFD9500B0613C /* initialButton0037.png */ = {isa = PBXFileReference; lastKnownFileType = image.png; path = initialButton0037.png; sourceTree = "<group>"; };
		7F09729624AFFD9500B0613C /* initialButton0047.png */ = {isa = PBXFileReference; lastKnownFileType = image.png; path = initialButton0047.png; sourceTree = "<group>"; };
		7F09729724AFFD9500B0613C /* initialButton0030.png */ = {isa = PBXFileReference; lastKnownFileType = image.png; path = initialButton0030.png; sourceTree = "<group>"; };
		7F09729824AFFD9500B0613C /* initialButton0048.png */ = {isa = PBXFileReference; lastKnownFileType = image.png; path = initialButton0048.png; sourceTree = "<group>"; };
		7F09729924AFFD9500B0613C /* initialButton0043.png */ = {isa = PBXFileReference; lastKnownFileType = image.png; path = initialButton0043.png; sourceTree = "<group>"; };
		7F09729A24AFFD9500B0613C /* initialButton0071.png */ = {isa = PBXFileReference; lastKnownFileType = image.png; path = initialButton0071.png; sourceTree = "<group>"; };
		7F09729B24AFFD9500B0613C /* initialButton0081.png */ = {isa = PBXFileReference; lastKnownFileType = image.png; path = initialButton0081.png; sourceTree = "<group>"; };
		7F09729C24AFFD9500B0613C /* initialButton0032.png */ = {isa = PBXFileReference; lastKnownFileType = image.png; path = initialButton0032.png; sourceTree = "<group>"; };
		7F09729D24AFFD9500B0613C /* initialButton0054.png */ = {isa = PBXFileReference; lastKnownFileType = image.png; path = initialButton0054.png; sourceTree = "<group>"; };
		7F09729E24AFFD9500B0613C /* initialButton0042.png */ = {isa = PBXFileReference; lastKnownFileType = image.png; path = initialButton0042.png; sourceTree = "<group>"; };
		7F09729F24AFFD9500B0613C /* initialButton0034.png */ = {isa = PBXFileReference; lastKnownFileType = image.png; path = initialButton0034.png; sourceTree = "<group>"; };
		7F0972A024AFFD9500B0613C /* initialButton0080.png */ = {isa = PBXFileReference; lastKnownFileType = image.png; path = initialButton0080.png; sourceTree = "<group>"; };
		7F0972A124AFFD9600B0613C /* initialButton0010.png */ = {isa = PBXFileReference; lastKnownFileType = image.png; path = initialButton0010.png; sourceTree = "<group>"; };
		7F0972A224AFFD9600B0613C /* initialButton0023.png */ = {isa = PBXFileReference; lastKnownFileType = image.png; path = initialButton0023.png; sourceTree = "<group>"; };
		7F0972A324AFFD9600B0613C /* initialButton0025.png */ = {isa = PBXFileReference; lastKnownFileType = image.png; path = initialButton0025.png; sourceTree = "<group>"; };
		7F0972A424AFFD9600B0613C /* initialButton0005.png */ = {isa = PBXFileReference; lastKnownFileType = image.png; path = initialButton0005.png; sourceTree = "<group>"; };
		7F0972A524AFFD9600B0613C /* initialButton0049.png */ = {isa = PBXFileReference; lastKnownFileType = image.png; path = initialButton0049.png; sourceTree = "<group>"; };
		7F0972A624AFFD9600B0613C /* initialButton0033.png */ = {isa = PBXFileReference; lastKnownFileType = image.png; path = initialButton0033.png; sourceTree = "<group>"; };
		7F0972A724AFFD9600B0613C /* initialButton0059.png */ = {isa = PBXFileReference; lastKnownFileType = image.png; path = initialButton0059.png; sourceTree = "<group>"; };
		7F0972A824AFFD9600B0613C /* initialButton0039.png */ = {isa = PBXFileReference; lastKnownFileType = image.png; path = initialButton0039.png; sourceTree = "<group>"; };
		7F0972A924AFFD9600B0613C /* initialButton0079.png */ = {isa = PBXFileReference; lastKnownFileType = image.png; path = initialButton0079.png; sourceTree = "<group>"; };
		7F0972AA24AFFD9600B0613C /* initialButton0006.png */ = {isa = PBXFileReference; lastKnownFileType = image.png; path = initialButton0006.png; sourceTree = "<group>"; };
		7F0972AB24AFFD9600B0613C /* initialButton0044.png */ = {isa = PBXFileReference; lastKnownFileType = image.png; path = initialButton0044.png; sourceTree = "<group>"; };
		7F0972AC24AFFD9700B0613C /* initialButton0038.png */ = {isa = PBXFileReference; lastKnownFileType = image.png; path = initialButton0038.png; sourceTree = "<group>"; };
		7F0972AD24AFFD9700B0613C /* initialButton0027.png */ = {isa = PBXFileReference; lastKnownFileType = image.png; path = initialButton0027.png; sourceTree = "<group>"; };
		7F0972AE24AFFD9700B0613C /* initialButton0069.png */ = {isa = PBXFileReference; lastKnownFileType = image.png; path = initialButton0069.png; sourceTree = "<group>"; };
		7F0972AF24AFFD9700B0613C /* initialButton0004.png */ = {isa = PBXFileReference; lastKnownFileType = image.png; path = initialButton0004.png; sourceTree = "<group>"; };
		7F0972B024AFFD9700B0613C /* initialButton0022.png */ = {isa = PBXFileReference; lastKnownFileType = image.png; path = initialButton0022.png; sourceTree = "<group>"; };
		7F0972B124AFFD9700B0613C /* initialButton0087.png */ = {isa = PBXFileReference; lastKnownFileType = image.png; path = initialButton0087.png; sourceTree = "<group>"; };
		7F0972B224AFFD9700B0613C /* initialButton0036.png */ = {isa = PBXFileReference; lastKnownFileType = image.png; path = initialButton0036.png; sourceTree = "<group>"; };
		7F0972B324AFFD9700B0613C /* initialButton0066.png */ = {isa = PBXFileReference; lastKnownFileType = image.png; path = initialButton0066.png; sourceTree = "<group>"; };
		7F0972B424AFFD9700B0613C /* initialButton0003.png */ = {isa = PBXFileReference; lastKnownFileType = image.png; path = initialButton0003.png; sourceTree = "<group>"; };
		7F0972B524AFFD9700B0613C /* initialButton0068.png */ = {isa = PBXFileReference; lastKnownFileType = image.png; path = initialButton0068.png; sourceTree = "<group>"; };
		7F0972B624AFFD9800B0613C /* initialButton0089.png */ = {isa = PBXFileReference; lastKnownFileType = image.png; path = initialButton0089.png; sourceTree = "<group>"; };
		7F0972B724AFFD9800B0613C /* initialButton0055.png */ = {isa = PBXFileReference; lastKnownFileType = image.png; path = initialButton0055.png; sourceTree = "<group>"; };
		7F0972B824AFFD9800B0613C /* initialButton0050.png */ = {isa = PBXFileReference; lastKnownFileType = image.png; path = initialButton0050.png; sourceTree = "<group>"; };
		7F0972B924AFFD9800B0613C /* initialButton0051.png */ = {isa = PBXFileReference; lastKnownFileType = image.png; path = initialButton0051.png; sourceTree = "<group>"; };
		7F0972BA24AFFD9800B0613C /* initialButton0041.png */ = {isa = PBXFileReference; lastKnownFileType = image.png; path = initialButton0041.png; sourceTree = "<group>"; };
		7F0972BB24AFFD9800B0613C /* initialButton0053.png */ = {isa = PBXFileReference; lastKnownFileType = image.png; path = initialButton0053.png; sourceTree = "<group>"; };
		7F0972BC24AFFD9800B0613C /* initialButton0024.png */ = {isa = PBXFileReference; lastKnownFileType = image.png; path = initialButton0024.png; sourceTree = "<group>"; };
		7F0972BD24AFFD9800B0613C /* initialButton0058.png */ = {isa = PBXFileReference; lastKnownFileType = image.png; path = initialButton0058.png; sourceTree = "<group>"; };
		7F0972BE24AFFD9800B0613C /* initialButton0035.png */ = {isa = PBXFileReference; lastKnownFileType = image.png; path = initialButton0035.png; sourceTree = "<group>"; };
		7F0972BF24AFFD9800B0613C /* initialButton0067.png */ = {isa = PBXFileReference; lastKnownFileType = image.png; path = initialButton0067.png; sourceTree = "<group>"; };
		7F0972C024AFFD9800B0613C /* initialButton0040.png */ = {isa = PBXFileReference; lastKnownFileType = image.png; path = initialButton0040.png; sourceTree = "<group>"; };
		7F0972C124AFFD9800B0613C /* initialButton0013.png */ = {isa = PBXFileReference; lastKnownFileType = image.png; path = initialButton0013.png; sourceTree = "<group>"; };
		7F0972C224AFFD9900B0613C /* initialButton0031.png */ = {isa = PBXFileReference; lastKnownFileType = image.png; path = initialButton0031.png; sourceTree = "<group>"; };
		7F0972C324AFFD9900B0613C /* initialButton0008.png */ = {isa = PBXFileReference; lastKnownFileType = image.png; path = initialButton0008.png; sourceTree = "<group>"; };
		7F0972C424AFFD9900B0613C /* initialButton0065.png */ = {isa = PBXFileReference; lastKnownFileType = image.png; path = initialButton0065.png; sourceTree = "<group>"; };
		7F0972C524AFFD9900B0613C /* initialButton0007.png */ = {isa = PBXFileReference; lastKnownFileType = image.png; path = initialButton0007.png; sourceTree = "<group>"; };
		7F0972C624AFFD9900B0613C /* initialButton0075.png */ = {isa = PBXFileReference; lastKnownFileType = image.png; path = initialButton0075.png; sourceTree = "<group>"; };
		7F0972C724AFFD9900B0613C /* initialButton0060.png */ = {isa = PBXFileReference; lastKnownFileType = image.png; path = initialButton0060.png; sourceTree = "<group>"; };
		7F0972C824AFFD9900B0613C /* initialButton0084.png */ = {isa = PBXFileReference; lastKnownFileType = image.png; path = initialButton0084.png; sourceTree = "<group>"; };
		7F0972C924AFFD9900B0613C /* initialButton0078.png */ = {isa = PBXFileReference; lastKnownFileType = image.png; path = initialButton0078.png; sourceTree = "<group>"; };
		7F0972CA24AFFD9900B0613C /* initialButton0061.png */ = {isa = PBXFileReference; lastKnownFileType = image.png; path = initialButton0061.png; sourceTree = "<group>"; };
		7F0972CB24AFFD9900B0613C /* initialButton0088.png */ = {isa = PBXFileReference; lastKnownFileType = image.png; path = initialButton0088.png; sourceTree = "<group>"; };
		7F0972CC24AFFD9900B0613C /* initialButton0009.png */ = {isa = PBXFileReference; lastKnownFileType = image.png; path = initialButton0009.png; sourceTree = "<group>"; };
		7F0972CD24AFFD9A00B0613C /* initialButton0015.png */ = {isa = PBXFileReference; lastKnownFileType = image.png; path = initialButton0015.png; sourceTree = "<group>"; };
		7F0972CE24AFFD9A00B0613C /* initialButton0012.png */ = {isa = PBXFileReference; lastKnownFileType = image.png; path = initialButton0012.png; sourceTree = "<group>"; };
		7F0972CF24AFFD9A00B0613C /* initialButton0070.png */ = {isa = PBXFileReference; lastKnownFileType = image.png; path = initialButton0070.png; sourceTree = "<group>"; };
		7F14CA9524A9881900BF53E9 /* single0026.png */ = {isa = PBXFileReference; lastKnownFileType = image.png; path = single0026.png; sourceTree = "<group>"; };
		7F14CA9624A9881900BF53E9 /* single0016.png */ = {isa = PBXFileReference; lastKnownFileType = image.png; path = single0016.png; sourceTree = "<group>"; };
		7F14CA9724A9881900BF53E9 /* single0009.png */ = {isa = PBXFileReference; lastKnownFileType = image.png; path = single0009.png; sourceTree = "<group>"; };
		7F14CA9824A9881A00BF53E9 /* single0010.png */ = {isa = PBXFileReference; lastKnownFileType = image.png; path = single0010.png; sourceTree = "<group>"; };
		7F14CA9924A9881A00BF53E9 /* single0011.png */ = {isa = PBXFileReference; lastKnownFileType = image.png; path = single0011.png; sourceTree = "<group>"; };
		7F14CA9A24A9881A00BF53E9 /* single0003.png */ = {isa = PBXFileReference; lastKnownFileType = image.png; path = single0003.png; sourceTree = "<group>"; };
		7F14CA9B24A9881A00BF53E9 /* single0007.png */ = {isa = PBXFileReference; lastKnownFileType = image.png; path = single0007.png; sourceTree = "<group>"; };
		7F14CA9C24A9881A00BF53E9 /* single0020.png */ = {isa = PBXFileReference; lastKnownFileType = image.png; path = single0020.png; sourceTree = "<group>"; };
		7F14CA9D24A9881A00BF53E9 /* single0005.png */ = {isa = PBXFileReference; lastKnownFileType = image.png; path = single0005.png; sourceTree = "<group>"; };
		7F14CA9E24A9881A00BF53E9 /* single0006.png */ = {isa = PBXFileReference; lastKnownFileType = image.png; path = single0006.png; sourceTree = "<group>"; };
		7F14CA9F24A9881A00BF53E9 /* single0019.png */ = {isa = PBXFileReference; lastKnownFileType = image.png; path = single0019.png; sourceTree = "<group>"; };
		7F14CAA024A9881A00BF53E9 /* single0021.png */ = {isa = PBXFileReference; lastKnownFileType = image.png; path = single0021.png; sourceTree = "<group>"; };
		7F14CAA124A9881A00BF53E9 /* single0015.png */ = {isa = PBXFileReference; lastKnownFileType = image.png; path = single0015.png; sourceTree = "<group>"; };
		7F14CAA224A9881A00BF53E9 /* single0025.png */ = {isa = PBXFileReference; lastKnownFileType = image.png; path = single0025.png; sourceTree = "<group>"; };
		7F14CAA324A9881A00BF53E9 /* single0013.png */ = {isa = PBXFileReference; lastKnownFileType = image.png; path = single0013.png; sourceTree = "<group>"; };
		7F14CAA424A9881A00BF53E9 /* single0008.png */ = {isa = PBXFileReference; lastKnownFileType = image.png; path = single0008.png; sourceTree = "<group>"; };
		7F14CAA524A9881A00BF53E9 /* single0024.png */ = {isa = PBXFileReference; lastKnownFileType = image.png; path = single0024.png; sourceTree = "<group>"; };
		7F14CAA624A9881B00BF53E9 /* single0014.png */ = {isa = PBXFileReference; lastKnownFileType = image.png; path = single0014.png; sourceTree = "<group>"; };
		7F14CAA724A9881B00BF53E9 /* single0002.png */ = {isa = PBXFileReference; lastKnownFileType = image.png; path = single0002.png; sourceTree = "<group>"; };
		7F14CAA824A9881B00BF53E9 /* single0017.png */ = {isa = PBXFileReference; lastKnownFileType = image.png; path = single0017.png; sourceTree = "<group>"; };
		7F14CAA924A9881B00BF53E9 /* single0023.png */ = {isa = PBXFileReference; lastKnownFileType = image.png; path = single0023.png; sourceTree = "<group>"; };
		7F14CAAA24A9881B00BF53E9 /* single0018.png */ = {isa = PBXFileReference; lastKnownFileType = image.png; path = single0018.png; sourceTree = "<group>"; };
		7F14CAAB24A9881B00BF53E9 /* single0012.png */ = {isa = PBXFileReference; lastKnownFileType = image.png; path = single0012.png; sourceTree = "<group>"; };
		7F14CAAC24A9881B00BF53E9 /* single0022.png */ = {isa = PBXFileReference; lastKnownFileType = image.png; path = single0022.png; sourceTree = "<group>"; };
		7F14CAAD24A9881B00BF53E9 /* single0004.png */ = {isa = PBXFileReference; lastKnownFileType = image.png; path = single0004.png; sourceTree = "<group>"; };
		7F14CAAE24A9881B00BF53E9 /* single0001.png */ = {isa = PBXFileReference; lastKnownFileType = image.png; path = single0001.png; sourceTree = "<group>"; };
		7F1B0E96249D37D000E17D04 /* StretchingStrategy.swift */ = {isa = PBXFileReference; lastKnownFileType = sourcecode.swift; path = StretchingStrategy.swift; sourceTree = "<group>"; };
		7F1B0E99249D382400E17D04 /* StretchingHand.swift */ = {isa = PBXFileReference; lastKnownFileType = sourcecode.swift; path = StretchingHand.swift; sourceTree = "<group>"; };
		7F2AF8DD24A17AF100FF17B3 /* Animation.swift */ = {isa = PBXFileReference; lastKnownFileType = sourcecode.swift; path = Animation.swift; sourceTree = "<group>"; };
		7F2AF8DF24A17B0700FF17B3 /* StretchingEnforcer.swift */ = {isa = PBXFileReference; lastKnownFileType = sourcecode.swift; path = StretchingEnforcer.swift; sourceTree = "<group>"; };
		7F5AD94124A94DD6006EE9B5 /* alongamento_1.png */ = {isa = PBXFileReference; lastKnownFileType = image.png; path = alongamento_1.png; sourceTree = "<group>"; };
		7F5AD94224A94DD6006EE9B5 /* alongamento_2.png */ = {isa = PBXFileReference; lastKnownFileType = image.png; path = alongamento_2.png; sourceTree = "<group>"; };
		7F5AD94824A94F14006EE9B5 /* alongamento_12.png */ = {isa = PBXFileReference; lastKnownFileType = image.png; path = alongamento_12.png; sourceTree = "<group>"; };
		7F5AD94924A94F14006EE9B5 /* alongamento_22.png */ = {isa = PBXFileReference; lastKnownFileType = image.png; path = alongamento_22.png; sourceTree = "<group>"; };
		7FC6691A24A6B183008D1D49 /* StretchingWrist.swift */ = {isa = PBXFileReference; lastKnownFileType = sourcecode.swift; path = StretchingWrist.swift; sourceTree = "<group>"; };
		EF5BBC3F249A8F8700CC3F0C /* StretchingController.swift */ = {isa = PBXFileReference; lastKnownFileType = sourcecode.swift; path = StretchingController.swift; sourceTree = "<group>"; };
		F6938C5324A23E6F0012B149 /* Notification.swift */ = {isa = PBXFileReference; lastKnownFileType = sourcecode.swift; path = Notification.swift; sourceTree = "<group>"; };
/* End PBXFileReference section */

/* Begin PBXFrameworksBuildPhase section */
		6E4D4DD02499769A002E980E /* Frameworks */ = {
			isa = PBXFrameworksBuildPhase;
			buildActionMask = 2147483647;
			files = (
			);
			runOnlyForDeploymentPostprocessing = 0;
		};
/* End PBXFrameworksBuildPhase section */

/* Begin PBXGroup section */
		6E312105249E8FDA00AA066C /* Stretching */ = {
			isa = PBXGroup;
			children = (
				EF5BBC3F249A8F8700CC3F0C /* StretchingController.swift */,
			);
			path = Stretching;
			sourceTree = "<group>";
		};
		6E4D4DB924997698002E980E = {
			isa = PBXGroup;
			children = (
				6E4D4DC824997698002E980E /* TendApp WatchKit App */,
				6E4D4DD72499769A002E980E /* TendApp WatchKit Extension */,
				6E4D4DC124997698002E980E /* Products */,
			);
			sourceTree = "<group>";
		};
		6E4D4DC124997698002E980E /* Products */ = {
			isa = PBXGroup;
			children = (
				6E4D4DC024997698002E980E /* TendApp.app */,
				6E4D4DC424997698002E980E /* TendApp WatchKit App.app */,
				6E4D4DD32499769A002E980E /* TendApp WatchKit Extension.appex */,
			);
			name = Products;
			sourceTree = "<group>";
		};
		6E4D4DC824997698002E980E /* TendApp WatchKit App */ = {
			isa = PBXGroup;
			children = (
				6E4D4DF62499772F002E980E /* Model */,
				6E4D4DF524997722002E980E /* View */,
				6E4D4DF1249976D3002E980E /* Controller */,
				7FCECAAC24A29CE50017C9D5 /* Images */,
				6E4D4DCC2499769A002E980E /* Assets.xcassets */,
				6E4D4DCE2499769A002E980E /* Info.plist */,
			);
			path = "TendApp WatchKit App";
			sourceTree = "<group>";
		};
		6E4D4DD72499769A002E980E /* TendApp WatchKit Extension */ = {
			isa = PBXGroup;
			children = (
				6E4D4DE02499769C002E980E /* Assets.xcassets */,
				6E4D4DE22499769C002E980E /* Info.plist */,
				6E4D4DE32499769C002E980E /* PushNotificationPayload.apns */,
			);
			path = "TendApp WatchKit Extension";
			sourceTree = "<group>";
		};
		6E4D4DF1249976D3002E980E /* Controller */ = {
			isa = PBXGroup;
			children = (
				6EC9141124A4136F00B5E458 /* Week */,
				6E312105249E8FDA00AA066C /* Stretching */,
				6E4D4DF4249976F3002E980E /* Interface */,
				6E4D4DF3249976EB002E980E /* Notification */,
				6E4D4DF2249976E6002E980E /* Complication */,
			);
			path = Controller;
			sourceTree = "<group>";
		};
		6E4D4DF2249976E6002E980E /* Complication */ = {
			isa = PBXGroup;
			children = (
				6E4D4DDE2499769A002E980E /* ComplicationController.swift */,
			);
			path = Complication;
			sourceTree = "<group>";
		};
		6E4D4DF3249976EB002E980E /* Notification */ = {
			isa = PBXGroup;
			children = (
				6E4D4DDC2499769A002E980E /* NotificationController.swift */,
			);
			path = Notification;
			sourceTree = "<group>";
		};
		6E4D4DF4249976F3002E980E /* Interface */ = {
			isa = PBXGroup;
			children = (
				6E4D4DD82499769A002E980E /* InterfaceController.swift */,
			);
			path = Interface;
			sourceTree = "<group>";
		};
		6E4D4DF524997722002E980E /* View */ = {
			isa = PBXGroup;
			children = (
				6E4D4DC924997698002E980E /* Interface.storyboard */,
			);
			path = View;
			sourceTree = "<group>";
		};
		6E4D4DF62499772F002E980E /* Model */ = {
			isa = PBXGroup;
			children = (
				7F1B0E98249D37FC00E17D04 /* Stretching */,
				7F1B0E95249D379600E17D04 /* Protocols */,
				6EFC0DA7249D1D0C0045BBC0 /* UserDefaults */,
				6EFC0D9F249D17DB0045BBC0 /* Languages */,
				6E4D4DF724997735002E980E /* Delegates */,
				F6938C5724A2A6C30012B149 /* Notification */,
			);
			path = Model;
			sourceTree = "<group>";
		};
		6E4D4DF724997735002E980E /* Delegates */ = {
			isa = PBXGroup;
			children = (
				6E4D4DDA2499769A002E980E /* ExtensionDelegate.swift */,
			);
			path = Delegates;
			sourceTree = "<group>";
		};
		6EC9141124A4136F00B5E458 /* Week */ = {
			isa = PBXGroup;
			children = (
				6EC9141224A4138600B5E458 /* WeekController.swift */,
			);
			path = Week;
			sourceTree = "<group>";
		};
		6EFC0D9F249D17DB0045BBC0 /* Languages */ = {
			isa = PBXGroup;
			children = (
				6EFC0DA4249D18280045BBC0 /* Localizable.strings */,
			);
			path = Languages;
			sourceTree = "<group>";
		};
		6EFC0DA7249D1D0C0045BBC0 /* UserDefaults */ = {
			isa = PBXGroup;
			children = (
				6EFC0DA8249D1D480045BBC0 /* PersistentData.swift */,
			);
			path = UserDefaults;
			sourceTree = "<group>";
		};
		7F0970BD24AFF03100B0613C /* InitialButton */ = {
			isa = PBXGroup;
			children = (
				7F09728124AFFD9300B0613C /* initialButton0001.png */,
				7F09728824AFFD9300B0613C /* initialButton0002.png */,
				7F0972B424AFFD9700B0613C /* initialButton0003.png */,
				7F0972AF24AFFD9700B0613C /* initialButton0004.png */,
				7F0972A424AFFD9600B0613C /* initialButton0005.png */,
				7F0972AA24AFFD9600B0613C /* initialButton0006.png */,
				7F0972C524AFFD9900B0613C /* initialButton0007.png */,
				7F0972C324AFFD9900B0613C /* initialButton0008.png */,
				7F0972CC24AFFD9900B0613C /* initialButton0009.png */,
				7F0972A124AFFD9600B0613C /* initialButton0010.png */,
				7F09727A24AFFD9200B0613C /* initialButton0011.png */,
				7F0972CE24AFFD9A00B0613C /* initialButton0012.png */,
				7F0972C124AFFD9800B0613C /* initialButton0013.png */,
				7F09728224AFFD9300B0613C /* initialButton0014.png */,
				7F0972CD24AFFD9A00B0613C /* initialButton0015.png */,
				7F09728C24AFFD9400B0613C /* initialButton0016.png */,
				7F09728B24AFFD9400B0613C /* initialButton0017.png */,
				7F09729024AFFD9400B0613C /* initialButton0018.png */,
				7F09728A24AFFD9400B0613C /* initialButton0019.png */,
				7F09727E24AFFD9300B0613C /* initialButton0020.png */,
				7F09728924AFFD9300B0613C /* initialButton0021.png */,
				7F0972B024AFFD9700B0613C /* initialButton0022.png */,
				7F0972A224AFFD9600B0613C /* initialButton0023.png */,
				7F0972BC24AFFD9800B0613C /* initialButton0024.png */,
				7F0972A324AFFD9600B0613C /* initialButton0025.png */,
				7F09728324AFFD9300B0613C /* initialButton0026.png */,
				7F0972AD24AFFD9700B0613C /* initialButton0027.png */,
				7F09728D24AFFD9400B0613C /* initialButton0028.png */,
				7F09729224AFFD9400B0613C /* initialButton0029.png */,
				7F09729724AFFD9500B0613C /* initialButton0030.png */,
				7F0972C224AFFD9900B0613C /* initialButton0031.png */,
				7F09729C24AFFD9500B0613C /* initialButton0032.png */,
				7F0972A624AFFD9600B0613C /* initialButton0033.png */,
				7F09729F24AFFD9500B0613C /* initialButton0034.png */,
				7F0972BE24AFFD9800B0613C /* initialButton0035.png */,
				7F0972B224AFFD9700B0613C /* initialButton0036.png */,
				7F09729524AFFD9500B0613C /* initialButton0037.png */,
				7F0972AC24AFFD9700B0613C /* initialButton0038.png */,
				7F0972A824AFFD9600B0613C /* initialButton0039.png */,
				7F0972C024AFFD9800B0613C /* initialButton0040.png */,
				7F0972BA24AFFD9800B0613C /* initialButton0041.png */,
				7F09729E24AFFD9500B0613C /* initialButton0042.png */,
				7F09729924AFFD9500B0613C /* initialButton0043.png */,
				7F0972AB24AFFD9600B0613C /* initialButton0044.png */,
				7F09729324AFFD9400B0613C /* initialButton0045.png */,
				7F09727924AFFD9100B0613C /* initialButton0046.png */,
				7F09729624AFFD9500B0613C /* initialButton0047.png */,
				7F09729824AFFD9500B0613C /* initialButton0048.png */,
				7F0972A524AFFD9600B0613C /* initialButton0049.png */,
				7F0972B824AFFD9800B0613C /* initialButton0050.png */,
				7F0972B924AFFD9800B0613C /* initialButton0051.png */,
				7F09728624AFFD9300B0613C /* initialButton0052.png */,
				7F0972BB24AFFD9800B0613C /* initialButton0053.png */,
				7F09729D24AFFD9500B0613C /* initialButton0054.png */,
				7F0972B724AFFD9800B0613C /* initialButton0055.png */,
				7F09729424AFFD9400B0613C /* initialButton0056.png */,
				7F09727B24AFFD9200B0613C /* initialButton0057.png */,
				7F0972BD24AFFD9800B0613C /* initialButton0058.png */,
				7F0972A724AFFD9600B0613C /* initialButton0059.png */,
				7F0972C724AFFD9900B0613C /* initialButton0060.png */,
				7F0972CA24AFFD9900B0613C /* initialButton0061.png */,
				7F09728024AFFD9300B0613C /* initialButton0062.png */,
				7F09729124AFFD9400B0613C /* initialButton0063.png */,
				7F09728E24AFFD9400B0613C /* initialButton0064.png */,
				7F0972C424AFFD9900B0613C /* initialButton0065.png */,
				7F0972B324AFFD9700B0613C /* initialButton0066.png */,
				7F0972BF24AFFD9800B0613C /* initialButton0067.png */,
				7F0972B524AFFD9700B0613C /* initialButton0068.png */,
				7F0972AE24AFFD9700B0613C /* initialButton0069.png */,
				7F0972CF24AFFD9A00B0613C /* initialButton0070.png */,
				7F09729A24AFFD9500B0613C /* initialButton0071.png */,
				7F09727624AFFD9000B0613C /* initialButton0072.png */,
				7F09728724AFFD9300B0613C /* initialButton0073.png */,
				7F09727824AFFD9100B0613C /* initialButton0074.png */,
				7F0972C624AFFD9900B0613C /* initialButton0075.png */,
				7F09728424AFFD9300B0613C /* initialButton0076.png */,
				7F09728F24AFFD9400B0613C /* initialButton0077.png */,
				7F0972C924AFFD9900B0613C /* initialButton0078.png */,
				7F0972A924AFFD9600B0613C /* initialButton0079.png */,
				7F0972A024AFFD9500B0613C /* initialButton0080.png */,
				7F09729B24AFFD9500B0613C /* initialButton0081.png */,
				7F09727724AFFD9100B0613C /* initialButton0082.png */,
				7F09727F24AFFD9300B0613C /* initialButton0083.png */,
				7F0972C824AFFD9900B0613C /* initialButton0084.png */,
				7F09728524AFFD9300B0613C /* initialButton0085.png */,
				7F09727C24AFFD9200B0613C /* initialButton0086.png */,
				7F0972B124AFFD9700B0613C /* initialButton0087.png */,
				7F0972CB24AFFD9900B0613C /* initialButton0088.png */,
				7F0972B624AFFD9800B0613C /* initialButton0089.png */,
				7F09727D24AFFD9300B0613C /* initialButton0090.png */,
			);
			path = InitialButton;
			sourceTree = "<group>";
		};
		7F1B0E95249D379600E17D04 /* Protocols */ = {
			isa = PBXGroup;
			children = (
				7F1B0E96249D37D000E17D04 /* StretchingStrategy.swift */,
				7F2AF8DD24A17AF100FF17B3 /* Animation.swift */,
				7F2AF8DF24A17B0700FF17B3 /* StretchingEnforcer.swift */,
			);
			path = Protocols;
			sourceTree = "<group>";
		};
		7F1B0E98249D37FC00E17D04 /* Stretching */ = {
			isa = PBXGroup;
			children = (
				7F1B0E99249D382400E17D04 /* StretchingHand.swift */,
				7FC6691A24A6B183008D1D49 /* StretchingWrist.swift */,
			);
			path = Stretching;
			sourceTree = "<group>";
		};
		7F224F84249FD8BB00007A03 /* RingImage */ = {
			isa = PBXGroup;
			children = (
				7F14CAAE24A9881B00BF53E9 /* single0001.png */,
				7F14CAA724A9881B00BF53E9 /* single0002.png */,
				7F14CA9A24A9881A00BF53E9 /* single0003.png */,
				7F14CAAD24A9881B00BF53E9 /* single0004.png */,
				7F14CA9D24A9881A00BF53E9 /* single0005.png */,
				7F14CA9E24A9881A00BF53E9 /* single0006.png */,
				7F14CA9B24A9881A00BF53E9 /* single0007.png */,
				7F14CAA424A9881A00BF53E9 /* single0008.png */,
				7F14CA9724A9881900BF53E9 /* single0009.png */,
				7F14CA9824A9881A00BF53E9 /* single0010.png */,
				7F14CA9924A9881A00BF53E9 /* single0011.png */,
				7F14CAAB24A9881B00BF53E9 /* single0012.png */,
				7F14CAA324A9881A00BF53E9 /* single0013.png */,
				7F14CAA624A9881B00BF53E9 /* single0014.png */,
				7F14CAA124A9881A00BF53E9 /* single0015.png */,
				7F14CA9624A9881900BF53E9 /* single0016.png */,
				7F14CAA824A9881B00BF53E9 /* single0017.png */,
				7F14CAAA24A9881B00BF53E9 /* single0018.png */,
				7F14CA9F24A9881A00BF53E9 /* single0019.png */,
				7F14CA9C24A9881A00BF53E9 /* single0020.png */,
				7F14CAA024A9881A00BF53E9 /* single0021.png */,
				7F14CAAC24A9881B00BF53E9 /* single0022.png */,
				7F14CAA924A9881B00BF53E9 /* single0023.png */,
				7F14CAA524A9881A00BF53E9 /* single0024.png */,
				7F14CAA224A9881A00BF53E9 /* single0025.png */,
				7F14CA9524A9881900BF53E9 /* single0026.png */,
			);
			path = RingImage;
			sourceTree = "<group>";
		};
		7FCECAAC24A29CE50017C9D5 /* Images */ = {
			isa = PBXGroup;
			children = (
				7F0970BD24AFF03100B0613C /* InitialButton */,
				7FCECAAD24A29CFA0017C9D5 /* StretchingImage */,
				7F224F84249FD8BB00007A03 /* RingImage */,
			);
			path = Images;
			sourceTree = "<group>";
		};
		7FCECAAD24A29CFA0017C9D5 /* StretchingImage */ = {
			isa = PBXGroup;
			children = (
				7F5AD94124A94DD6006EE9B5 /* alongamento_1.png */,
				7F5AD94824A94F14006EE9B5 /* alongamento_12.png */,
				7F5AD94924A94F14006EE9B5 /* alongamento_22.png */,
				7F5AD94224A94DD6006EE9B5 /* alongamento_2.png */,
			);
			path = StretchingImage;
			sourceTree = "<group>";
		};
		F6938C5724A2A6C30012B149 /* Notification */ = {
			isa = PBXGroup;
			children = (
				F6938C5324A23E6F0012B149 /* Notification.swift */,
			);
			path = Notification;
			sourceTree = "<group>";
		};
/* End PBXGroup section */

/* Begin PBXNativeTarget section */
		6E4D4DBF24997698002E980E /* TendApp */ = {
			isa = PBXNativeTarget;
			buildConfigurationList = 6E4D4DEE2499769C002E980E /* Build configuration list for PBXNativeTarget "TendApp" */;
			buildPhases = (
				6E4D4DBE24997698002E980E /* Resources */,
				6E4D4DED2499769C002E980E /* Embed Watch Content */,
			);
			buildRules = (
			);
			dependencies = (
				6E4D4DC724997698002E980E /* PBXTargetDependency */,
			);
			name = TendApp;
			productName = TendApp;
			productReference = 6E4D4DC024997698002E980E /* TendApp.app */;
			productType = "com.apple.product-type.application.watchapp2-container";
		};
		6E4D4DC324997698002E980E /* TendApp WatchKit App */ = {
			isa = PBXNativeTarget;
			buildConfigurationList = 6E4D4DEA2499769C002E980E /* Build configuration list for PBXNativeTarget "TendApp WatchKit App" */;
			buildPhases = (
				6E4D4DC224997698002E980E /* Resources */,
				6E4D4DE92499769C002E980E /* Embed App Extensions */,
			);
			buildRules = (
			);
			dependencies = (
				6E4D4DD62499769A002E980E /* PBXTargetDependency */,
			);
			name = "TendApp WatchKit App";
			productName = "TendApp WatchKit App";
			productReference = 6E4D4DC424997698002E980E /* TendApp WatchKit App.app */;
			productType = "com.apple.product-type.application.watchapp2";
		};
		6E4D4DD22499769A002E980E /* TendApp WatchKit Extension */ = {
			isa = PBXNativeTarget;
			buildConfigurationList = 6E4D4DE62499769C002E980E /* Build configuration list for PBXNativeTarget "TendApp WatchKit Extension" */;
			buildPhases = (
				6E4D4DCF2499769A002E980E /* Sources */,
				6E4D4DD02499769A002E980E /* Frameworks */,
				6E4D4DD12499769A002E980E /* Resources */,
			);
			buildRules = (
			);
			dependencies = (
			);
			name = "TendApp WatchKit Extension";
			productName = "TendApp WatchKit Extension";
			productReference = 6E4D4DD32499769A002E980E /* TendApp WatchKit Extension.appex */;
			productType = "com.apple.product-type.watchkit2-extension";
		};
/* End PBXNativeTarget section */

/* Begin PBXProject section */
		6E4D4DBA24997698002E980E /* Project object */ = {
			isa = PBXProject;
			attributes = {
				LastSwiftUpdateCheck = 1150;
				LastUpgradeCheck = 1150;
				ORGANIZATIONNAME = "Mateus Augusto M Ferreira";
				TargetAttributes = {
					6E4D4DBF24997698002E980E = {
						CreatedOnToolsVersion = 11.5;
					};
					6E4D4DC324997698002E980E = {
						CreatedOnToolsVersion = 11.5;
					};
					6E4D4DD22499769A002E980E = {
						CreatedOnToolsVersion = 11.5;
					};
				};
			};
			buildConfigurationList = 6E4D4DBD24997698002E980E /* Build configuration list for PBXProject "TendApp" */;
			compatibilityVersion = "Xcode 9.3";
			developmentRegion = en;
			hasScannedForEncodings = 0;
			knownRegions = (
				en,
				Base,
				"pt-BR",
				es,
			);
			mainGroup = 6E4D4DB924997698002E980E;
			productRefGroup = 6E4D4DC124997698002E980E /* Products */;
			projectDirPath = "";
			projectRoot = "";
			targets = (
				6E4D4DBF24997698002E980E /* TendApp */,
				6E4D4DC324997698002E980E /* TendApp WatchKit App */,
				6E4D4DD22499769A002E980E /* TendApp WatchKit Extension */,
			);
		};
/* End PBXProject section */

/* Begin PBXResourcesBuildPhase section */
		6E4D4DBE24997698002E980E /* Resources */ = {
			isa = PBXResourcesBuildPhase;
			buildActionMask = 2147483647;
			files = (
			);
			runOnlyForDeploymentPostprocessing = 0;
		};
		6E4D4DC224997698002E980E /* Resources */ = {
			isa = PBXResourcesBuildPhase;
			buildActionMask = 2147483647;
			files = (
				6E4D4DCD2499769A002E980E /* Assets.xcassets in Resources */,
				6EFC0DA2249D18280045BBC0 /* Localizable.strings in Resources */,
				6E4D4DCB24997698002E980E /* Interface.storyboard in Resources */,
			);
			runOnlyForDeploymentPostprocessing = 0;
		};
		6E4D4DD12499769A002E980E /* Resources */ = {
			isa = PBXResourcesBuildPhase;
			buildActionMask = 2147483647;
			files = (
				7F14CAC024A9881B00BF53E9 /* single0014.png in Resources */,
				7F09730B24AFFD9A00B0613C /* initialButton0087.png in Resources */,
				7F09731D24AFFD9A00B0613C /* initialButton0008.png in Resources */,
				7F09730E24AFFD9A00B0613C /* initialButton0003.png in Resources */,
				7F14CAB224A9881B00BF53E9 /* single0010.png in Resources */,
				7F5AD94624A94DD7006EE9B5 /* alongamento_2.png in Resources */,
				7F14CAAF24A9881B00BF53E9 /* single0026.png in Resources */,
				7F14CAC824A9881B00BF53E9 /* single0001.png in Resources */,
				7F0972F424AFFD9A00B0613C /* initialButton0071.png in Resources */,
				7F0972F324AFFD9A00B0613C /* initialButton0043.png in Resources */,
				7F09731924AFFD9A00B0613C /* initialButton0067.png in Resources */,
				7F0972E224AFFD9A00B0613C /* initialButton0002.png in Resources */,
				7F09732624AFFD9A00B0613C /* initialButton0009.png in Resources */,
				7F14CAB024A9881B00BF53E9 /* single0016.png in Resources */,
				7F0972F624AFFD9A00B0613C /* initialButton0032.png in Resources */,
				7F09731624AFFD9A00B0613C /* initialButton0024.png in Resources */,
				7F14CAC224A9881B00BF53E9 /* single0017.png in Resources */,
				7F0972FB24AFFD9A00B0613C /* initialButton0010.png in Resources */,
				7F0972F924AFFD9A00B0613C /* initialButton0034.png in Resources */,
				7F09730824AFFD9A00B0613C /* initialButton0069.png in Resources */,
				7F09731324AFFD9A00B0613C /* initialButton0051.png in Resources */,
				7F09731024AFFD9A00B0613C /* initialButton0089.png in Resources */,
				6E4D4DE12499769C002E980E /* Assets.xcassets in Resources */,
				7F09732524AFFD9A00B0613C /* initialButton0088.png in Resources */,
				7F0972D324AFFD9A00B0613C /* initialButton0046.png in Resources */,
				7F5AD94A24A94F14006EE9B5 /* alongamento_12.png in Resources */,
				7F0972E024AFFD9A00B0613C /* initialButton0052.png in Resources */,
				7F0972DD24AFFD9A00B0613C /* initialButton0026.png in Resources */,
				7F0972DF24AFFD9A00B0613C /* initialButton0085.png in Resources */,
				7F14CAB424A9881B00BF53E9 /* single0003.png in Resources */,
				7F0972ED24AFFD9A00B0613C /* initialButton0045.png in Resources */,
				7F09731524AFFD9A00B0613C /* initialButton0053.png in Resources */,
				7F0972FE24AFFD9A00B0613C /* initialButton0005.png in Resources */,
				7F14CABF24A9881B00BF53E9 /* single0024.png in Resources */,
				7F09730624AFFD9A00B0613C /* initialButton0038.png in Resources */,
				7F0972E624AFFD9A00B0613C /* initialButton0016.png in Resources */,
				7F14CABE24A9881B00BF53E9 /* single0008.png in Resources */,
				7F0972F024AFFD9A00B0613C /* initialButton0047.png in Resources */,
				7F09730424AFFD9A00B0613C /* initialButton0006.png in Resources */,
				7F09730324AFFD9A00B0613C /* initialButton0079.png in Resources */,
				7F0972DA24AFFD9A00B0613C /* initialButton0062.png in Resources */,
				7F09730D24AFFD9A00B0613C /* initialButton0066.png in Resources */,
				7F09731224AFFD9A00B0613C /* initialButton0050.png in Resources */,
				7F14CAC124A9881B00BF53E9 /* single0002.png in Resources */,
				7F4D4A8F249ECD2B00A7312C /* Localizable.strings in Resources */,
				7F14CAB124A9881B00BF53E9 /* single0009.png in Resources */,
				7F14CAB824A9881B00BF53E9 /* single0006.png in Resources */,
				7F09732224AFFD9A00B0613C /* initialButton0084.png in Resources */,
				7F0972E424AFFD9A00B0613C /* initialButton0019.png in Resources */,
				7F0972E724AFFD9A00B0613C /* initialButton0028.png in Resources */,
				7F0972FC24AFFD9A00B0613C /* initialButton0023.png in Resources */,
				7F0972EE24AFFD9A00B0613C /* initialButton0056.png in Resources */,
				7F09730024AFFD9A00B0613C /* initialButton0033.png in Resources */,
				7F0972D924AFFD9A00B0613C /* initialButton0083.png in Resources */,
				7F0972D624AFFD9A00B0613C /* initialButton0086.png in Resources */,
				7F14CAC724A9881B00BF53E9 /* single0004.png in Resources */,
				7F09731F24AFFD9A00B0613C /* initialButton0007.png in Resources */,
				7F14CAC624A9881B00BF53E9 /* single0022.png in Resources */,
				7F09731424AFFD9A00B0613C /* initialButton0041.png in Resources */,
				7F14CABC24A9881B00BF53E9 /* single0025.png in Resources */,
				7F14CABA24A9881B00BF53E9 /* single0021.png in Resources */,
				7F0972D424AFFD9A00B0613C /* initialButton0011.png in Resources */,
				7F0972D724AFFD9A00B0613C /* initialButton0090.png in Resources */,
				7F09730224AFFD9A00B0613C /* initialButton0039.png in Resources */,
				7F09732424AFFD9A00B0613C /* initialButton0061.png in Resources */,
				7F0972D224AFFD9A00B0613C /* initialButton0074.png in Resources */,
				7F0972DB24AFFD9A00B0613C /* initialButton0001.png in Resources */,
				7F0972D124AFFD9A00B0613C /* initialButton0082.png in Resources */,
				7F09732724AFFD9A00B0613C /* initialButton0015.png in Resources */,
				7F09731B24AFFD9A00B0613C /* initialButton0013.png in Resources */,
				7F0972F224AFFD9A00B0613C /* initialButton0048.png in Resources */,
				7F0972E324AFFD9A00B0613C /* initialButton0021.png in Resources */,
				7F0972E124AFFD9A00B0613C /* initialButton0073.png in Resources */,
				7F09732124AFFD9A00B0613C /* initialButton0060.png in Resources */,
				7F14CAB324A9881B00BF53E9 /* single0011.png in Resources */,
				7F14CAB724A9881B00BF53E9 /* single0005.png in Resources */,
				7F5AD94524A94DD7006EE9B5 /* alongamento_1.png in Resources */,
				7F09731A24AFFD9A00B0613C /* initialButton0040.png in Resources */,
				7F09731724AFFD9A00B0613C /* initialButton0058.png in Resources */,
				7F09732824AFFD9A00B0613C /* initialButton0012.png in Resources */,
				7F09730524AFFD9A00B0613C /* initialButton0044.png in Resources */,
				7F14CAC424A9881B00BF53E9 /* single0018.png in Resources */,
				7F09731124AFFD9A00B0613C /* initialButton0055.png in Resources */,
				7F0972E924AFFD9A00B0613C /* initialButton0077.png in Resources */,
				7F0972FD24AFFD9A00B0613C /* initialButton0025.png in Resources */,
				7F0972D524AFFD9A00B0613C /* initialButton0057.png in Resources */,
				7F0972D824AFFD9A00B0613C /* initialButton0020.png in Resources */,
				7F0972FA24AFFD9A00B0613C /* initialButton0080.png in Resources */,
				7F0972F524AFFD9A00B0613C /* initialButton0081.png in Resources */,
				7F0972DC24AFFD9A00B0613C /* initialButton0014.png in Resources */,
				7F0972DE24AFFD9A00B0613C /* initialButton0076.png in Resources */,
				7F09732924AFFD9A00B0613C /* initialButton0070.png in Resources */,
				7F0972EB24AFFD9A00B0613C /* initialButton0063.png in Resources */,
				7F0972E524AFFD9A00B0613C /* initialButton0017.png in Resources */,
				7F0972EC24AFFD9A00B0613C /* initialButton0029.png in Resources */,
				7F14CAB624A9881B00BF53E9 /* single0020.png in Resources */,
				7F09731824AFFD9A00B0613C /* initialButton0035.png in Resources */,
				7F14CAB524A9881B00BF53E9 /* single0007.png in Resources */,
				7F14CAB924A9881B00BF53E9 /* single0019.png in Resources */,
				7F14CAC324A9881B00BF53E9 /* single0023.png in Resources */,
				7F0972EF24AFFD9A00B0613C /* initialButton0037.png in Resources */,
				7F09731E24AFFD9A00B0613C /* initialButton0065.png in Resources */,
				7F09730C24AFFD9A00B0613C /* initialButton0036.png in Resources */,
				7F09732324AFFD9A00B0613C /* initialButton0078.png in Resources */,
				7F09730124AFFD9A00B0613C /* initialButton0059.png in Resources */,
				7F09731C24AFFD9A00B0613C /* initialButton0031.png in Resources */,
				7F09730A24AFFD9A00B0613C /* initialButton0022.png in Resources */,
				7F14CAC524A9881B00BF53E9 /* single0012.png in Resources */,
				7F09732024AFFD9A00B0613C /* initialButton0075.png in Resources */,
				7F0972F124AFFD9A00B0613C /* initialButton0030.png in Resources */,
				7F0972F824AFFD9A00B0613C /* initialButton0042.png in Resources */,
				7F09730924AFFD9A00B0613C /* initialButton0004.png in Resources */,
				7F09730724AFFD9A00B0613C /* initialButton0027.png in Resources */,
				7F0972D024AFFD9A00B0613C /* initialButton0072.png in Resources */,
				7F14CABB24A9881B00BF53E9 /* single0015.png in Resources */,
				7F14CABD24A9881B00BF53E9 /* single0013.png in Resources */,
				7F0972FF24AFFD9A00B0613C /* initialButton0049.png in Resources */,
				7F0972EA24AFFD9A00B0613C /* initialButton0018.png in Resources */,
				7F09730F24AFFD9A00B0613C /* initialButton0068.png in Resources */,
				7F5AD94B24A94F14006EE9B5 /* alongamento_22.png in Resources */,
				7F0972E824AFFD9A00B0613C /* initialButton0064.png in Resources */,
				7F0972F724AFFD9A00B0613C /* initialButton0054.png in Resources */,
			);
			runOnlyForDeploymentPostprocessing = 0;
		};
/* End PBXResourcesBuildPhase section */

/* Begin PBXSourcesBuildPhase section */
		6E4D4DCF2499769A002E980E /* Sources */ = {
			isa = PBXSourcesBuildPhase;
			buildActionMask = 2147483647;
			files = (
				6EFC0DA9249D1D480045BBC0 /* PersistentData.swift in Sources */,
				6E4D4DDD2499769A002E980E /* NotificationController.swift in Sources */,
				7FC6691B24A6B183008D1D49 /* StretchingWrist.swift in Sources */,
				6EC9141324A4138600B5E458 /* WeekController.swift in Sources */,
				EF5BBC40249A8F8700CC3F0C /* StretchingController.swift in Sources */,
				7F2AF8E024A17B0700FF17B3 /* StretchingEnforcer.swift in Sources */,
				6E4D4DDF2499769A002E980E /* ComplicationController.swift in Sources */,
				7F1B0E9A249D382400E17D04 /* StretchingHand.swift in Sources */,
				6E4D4DDB2499769A002E980E /* ExtensionDelegate.swift in Sources */,
				F6938C5424A23E6F0012B149 /* Notification.swift in Sources */,
				7F1B0E97249D37D000E17D04 /* StretchingStrategy.swift in Sources */,
				6E4D4DD92499769A002E980E /* InterfaceController.swift in Sources */,
				7F2AF8DE24A17AF100FF17B3 /* Animation.swift in Sources */,
			);
			runOnlyForDeploymentPostprocessing = 0;
		};
/* End PBXSourcesBuildPhase section */

/* Begin PBXTargetDependency section */
		6E4D4DC724997698002E980E /* PBXTargetDependency */ = {
			isa = PBXTargetDependency;
			target = 6E4D4DC324997698002E980E /* TendApp WatchKit App */;
			targetProxy = 6E4D4DC624997698002E980E /* PBXContainerItemProxy */;
		};
		6E4D4DD62499769A002E980E /* PBXTargetDependency */ = {
			isa = PBXTargetDependency;
			target = 6E4D4DD22499769A002E980E /* TendApp WatchKit Extension */;
			targetProxy = 6E4D4DD52499769A002E980E /* PBXContainerItemProxy */;
		};
/* End PBXTargetDependency section */

/* Begin PBXVariantGroup section */
		6E4D4DC924997698002E980E /* Interface.storyboard */ = {
			isa = PBXVariantGroup;
			children = (
				6E4D4DCA24997698002E980E /* Base */,
				6EFC0D9D249D179E0045BBC0 /* pt-BR */,
				6EFC0D9E249D17B50045BBC0 /* es */,
			);
			name = Interface.storyboard;
			sourceTree = "<group>";
		};
		6EFC0DA4249D18280045BBC0 /* Localizable.strings */ = {
			isa = PBXVariantGroup;
			children = (
				6EFC0DA3249D18280045BBC0 /* en */,
				6EFC0DA5249D182C0045BBC0 /* pt-BR */,
				6EFC0DA6249D182D0045BBC0 /* es */,
			);
			name = Localizable.strings;
			sourceTree = "<group>";
		};
/* End PBXVariantGroup section */

/* Begin XCBuildConfiguration section */
		6E4D4DE42499769C002E980E /* Debug */ = {
			isa = XCBuildConfiguration;
			buildSettings = {
				ALWAYS_SEARCH_USER_PATHS = NO;
				CLANG_ANALYZER_LOCALIZABILITY_NONLOCALIZED = YES;
				CLANG_ANALYZER_NONNULL = YES;
				CLANG_ANALYZER_NUMBER_OBJECT_CONVERSION = YES_AGGRESSIVE;
				CLANG_CXX_LANGUAGE_STANDARD = "gnu++14";
				CLANG_CXX_LIBRARY = "libc++";
				CLANG_ENABLE_MODULES = YES;
				CLANG_ENABLE_OBJC_ARC = YES;
				CLANG_ENABLE_OBJC_WEAK = YES;
				CLANG_WARN_BLOCK_CAPTURE_AUTORELEASING = YES;
				CLANG_WARN_BOOL_CONVERSION = YES;
				CLANG_WARN_COMMA = YES;
				CLANG_WARN_CONSTANT_CONVERSION = YES;
				CLANG_WARN_DEPRECATED_OBJC_IMPLEMENTATIONS = YES;
				CLANG_WARN_DIRECT_OBJC_ISA_USAGE = YES_ERROR;
				CLANG_WARN_DOCUMENTATION_COMMENTS = YES;
				CLANG_WARN_EMPTY_BODY = YES;
				CLANG_WARN_ENUM_CONVERSION = YES;
				CLANG_WARN_INFINITE_RECURSION = YES;
				CLANG_WARN_INT_CONVERSION = YES;
				CLANG_WARN_NON_LITERAL_NULL_CONVERSION = YES;
				CLANG_WARN_OBJC_IMPLICIT_RETAIN_SELF = YES;
				CLANG_WARN_OBJC_LITERAL_CONVERSION = YES;
				CLANG_WARN_OBJC_ROOT_CLASS = YES_ERROR;
				CLANG_WARN_RANGE_LOOP_ANALYSIS = YES;
				CLANG_WARN_STRICT_PROTOTYPES = YES;
				CLANG_WARN_SUSPICIOUS_MOVE = YES;
				CLANG_WARN_UNGUARDED_AVAILABILITY = YES_AGGRESSIVE;
				CLANG_WARN_UNREACHABLE_CODE = YES;
				CLANG_WARN__DUPLICATE_METHOD_MATCH = YES;
				COPY_PHASE_STRIP = NO;
				DEBUG_INFORMATION_FORMAT = dwarf;
				ENABLE_STRICT_OBJC_MSGSEND = YES;
				ENABLE_TESTABILITY = YES;
				GCC_C_LANGUAGE_STANDARD = gnu11;
				GCC_DYNAMIC_NO_PIC = NO;
				GCC_NO_COMMON_BLOCKS = YES;
				GCC_OPTIMIZATION_LEVEL = 0;
				GCC_PREPROCESSOR_DEFINITIONS = (
					"DEBUG=1",
					"$(inherited)",
				);
				GCC_WARN_64_TO_32_BIT_CONVERSION = YES;
				GCC_WARN_ABOUT_RETURN_TYPE = YES_ERROR;
				GCC_WARN_UNDECLARED_SELECTOR = YES;
				GCC_WARN_UNINITIALIZED_AUTOS = YES_AGGRESSIVE;
				GCC_WARN_UNUSED_FUNCTION = YES;
				GCC_WARN_UNUSED_VARIABLE = YES;
				MTL_ENABLE_DEBUG_INFO = INCLUDE_SOURCE;
				MTL_FAST_MATH = YES;
				ONLY_ACTIVE_ARCH = YES;
				SDKROOT = iphoneos;
				SWIFT_ACTIVE_COMPILATION_CONDITIONS = DEBUG;
				SWIFT_OPTIMIZATION_LEVEL = "-Onone";
			};
			name = Debug;
		};
		6E4D4DE52499769C002E980E /* Release */ = {
			isa = XCBuildConfiguration;
			buildSettings = {
				ALWAYS_SEARCH_USER_PATHS = NO;
				CLANG_ANALYZER_LOCALIZABILITY_NONLOCALIZED = YES;
				CLANG_ANALYZER_NONNULL = YES;
				CLANG_ANALYZER_NUMBER_OBJECT_CONVERSION = YES_AGGRESSIVE;
				CLANG_CXX_LANGUAGE_STANDARD = "gnu++14";
				CLANG_CXX_LIBRARY = "libc++";
				CLANG_ENABLE_MODULES = YES;
				CLANG_ENABLE_OBJC_ARC = YES;
				CLANG_ENABLE_OBJC_WEAK = YES;
				CLANG_WARN_BLOCK_CAPTURE_AUTORELEASING = YES;
				CLANG_WARN_BOOL_CONVERSION = YES;
				CLANG_WARN_COMMA = YES;
				CLANG_WARN_CONSTANT_CONVERSION = YES;
				CLANG_WARN_DEPRECATED_OBJC_IMPLEMENTATIONS = YES;
				CLANG_WARN_DIRECT_OBJC_ISA_USAGE = YES_ERROR;
				CLANG_WARN_DOCUMENTATION_COMMENTS = YES;
				CLANG_WARN_EMPTY_BODY = YES;
				CLANG_WARN_ENUM_CONVERSION = YES;
				CLANG_WARN_INFINITE_RECURSION = YES;
				CLANG_WARN_INT_CONVERSION = YES;
				CLANG_WARN_NON_LITERAL_NULL_CONVERSION = YES;
				CLANG_WARN_OBJC_IMPLICIT_RETAIN_SELF = YES;
				CLANG_WARN_OBJC_LITERAL_CONVERSION = YES;
				CLANG_WARN_OBJC_ROOT_CLASS = YES_ERROR;
				CLANG_WARN_RANGE_LOOP_ANALYSIS = YES;
				CLANG_WARN_STRICT_PROTOTYPES = YES;
				CLANG_WARN_SUSPICIOUS_MOVE = YES;
				CLANG_WARN_UNGUARDED_AVAILABILITY = YES_AGGRESSIVE;
				CLANG_WARN_UNREACHABLE_CODE = YES;
				CLANG_WARN__DUPLICATE_METHOD_MATCH = YES;
				COPY_PHASE_STRIP = NO;
				DEBUG_INFORMATION_FORMAT = "dwarf-with-dsym";
				ENABLE_NS_ASSERTIONS = NO;
				ENABLE_STRICT_OBJC_MSGSEND = YES;
				GCC_C_LANGUAGE_STANDARD = gnu11;
				GCC_NO_COMMON_BLOCKS = YES;
				GCC_WARN_64_TO_32_BIT_CONVERSION = YES;
				GCC_WARN_ABOUT_RETURN_TYPE = YES_ERROR;
				GCC_WARN_UNDECLARED_SELECTOR = YES;
				GCC_WARN_UNINITIALIZED_AUTOS = YES_AGGRESSIVE;
				GCC_WARN_UNUSED_FUNCTION = YES;
				GCC_WARN_UNUSED_VARIABLE = YES;
				MTL_ENABLE_DEBUG_INFO = NO;
				MTL_FAST_MATH = YES;
				SDKROOT = iphoneos;
				SWIFT_COMPILATION_MODE = wholemodule;
				SWIFT_OPTIMIZATION_LEVEL = "-O";
				VALIDATE_PRODUCT = YES;
			};
			name = Release;
		};
		6E4D4DE72499769C002E980E /* Debug */ = {
			isa = XCBuildConfiguration;
			buildSettings = {
				ASSETCATALOG_COMPILER_COMPLICATION_NAME = Complication;
				CODE_SIGN_STYLE = Automatic;
				CURRENT_PROJECT_VERSION = 1;
				DEVELOPMENT_TEAM = TN9XH24HZ7;
				INFOPLIST_FILE = "TendApp WatchKit Extension/Info.plist";
				LD_RUNPATH_SEARCH_PATHS = (
					"$(inherited)",
					"@executable_path/Frameworks",
					"@executable_path/../../Frameworks",
				);
				MARKETING_VERSION = 1.07;
				PRODUCT_BUNDLE_IDENTIFIER = com.mateusferreira.TendApp.watchkitapp.watchkitextension;
				PRODUCT_NAME = "TendApp WatchKit Extension";
				SDKROOT = watchos;
				SKIP_INSTALL = YES;
				SWIFT_VERSION = 5.0;
				TARGETED_DEVICE_FAMILY = 4;
				WATCHOS_DEPLOYMENT_TARGET = 6.2;
			};
			name = Debug;
		};
		6E4D4DE82499769C002E980E /* Release */ = {
			isa = XCBuildConfiguration;
			buildSettings = {
				ASSETCATALOG_COMPILER_COMPLICATION_NAME = Complication;
				CODE_SIGN_STYLE = Automatic;
				CURRENT_PROJECT_VERSION = 1;
				DEVELOPMENT_TEAM = TN9XH24HZ7;
				INFOPLIST_FILE = "TendApp WatchKit Extension/Info.plist";
				LD_RUNPATH_SEARCH_PATHS = (
					"$(inherited)",
					"@executable_path/Frameworks",
					"@executable_path/../../Frameworks",
				);
				MARKETING_VERSION = 1.07;
				PRODUCT_BUNDLE_IDENTIFIER = com.mateusferreira.TendApp.watchkitapp.watchkitextension;
				PRODUCT_NAME = "TendApp WatchKit Extension";
				SDKROOT = watchos;
				SKIP_INSTALL = YES;
				SWIFT_VERSION = 5.0;
				TARGETED_DEVICE_FAMILY = 4;
				WATCHOS_DEPLOYMENT_TARGET = 6.2;
			};
			name = Release;
		};
		6E4D4DEB2499769C002E980E /* Debug */ = {
			isa = XCBuildConfiguration;
			buildSettings = {
				ALWAYS_EMBED_SWIFT_STANDARD_LIBRARIES = YES;
				ASSETCATALOG_COMPILER_APPICON_NAME = AppIcon;
				CODE_SIGN_STYLE = Automatic;
				CURRENT_PROJECT_VERSION = 1;
				DEVELOPMENT_TEAM = TN9XH24HZ7;
				IBSC_MODULE = TendApp_WatchKit_Extension;
				INFOPLIST_FILE = "TendApp WatchKit App/Info.plist";
				MARKETING_VERSION = 1.07;
				PRODUCT_BUNDLE_IDENTIFIER = com.mateusferreira.TendApp.watchkitapp;
				PRODUCT_NAME = "TendApp WatchKit App";
				SDKROOT = watchos;
				SKIP_INSTALL = YES;
				SWIFT_VERSION = 5.0;
				TARGETED_DEVICE_FAMILY = 4;
				WATCHOS_DEPLOYMENT_TARGET = 6.2;
			};
			name = Debug;
		};
		6E4D4DEC2499769C002E980E /* Release */ = {
			isa = XCBuildConfiguration;
			buildSettings = {
				ALWAYS_EMBED_SWIFT_STANDARD_LIBRARIES = YES;
				ASSETCATALOG_COMPILER_APPICON_NAME = AppIcon;
				CODE_SIGN_STYLE = Automatic;
				CURRENT_PROJECT_VERSION = 1;
				DEVELOPMENT_TEAM = TN9XH24HZ7;
				IBSC_MODULE = TendApp_WatchKit_Extension;
				INFOPLIST_FILE = "TendApp WatchKit App/Info.plist";
				MARKETING_VERSION = 1.07;
				PRODUCT_BUNDLE_IDENTIFIER = com.mateusferreira.TendApp.watchkitapp;
				PRODUCT_NAME = "TendApp WatchKit App";
				SDKROOT = watchos;
				SKIP_INSTALL = YES;
				SWIFT_VERSION = 5.0;
				TARGETED_DEVICE_FAMILY = 4;
				WATCHOS_DEPLOYMENT_TARGET = 6.2;
			};
			name = Release;
		};
		6E4D4DEF2499769C002E980E /* Debug */ = {
			isa = XCBuildConfiguration;
			buildSettings = {
				CODE_SIGN_STYLE = Automatic;
				CURRENT_PROJECT_VERSION = 1;
				DEVELOPMENT_TEAM = TN9XH24HZ7;
				MARKETING_VERSION = 1.07;
				PRODUCT_BUNDLE_IDENTIFIER = com.mateusferreira.TendApp;
				PRODUCT_NAME = TendApp;
				SWIFT_VERSION = 5.0;
			};
			name = Debug;
		};
		6E4D4DF02499769C002E980E /* Release */ = {
			isa = XCBuildConfiguration;
			buildSettings = {
				CODE_SIGN_STYLE = Automatic;
				CURRENT_PROJECT_VERSION = 1;
				DEVELOPMENT_TEAM = TN9XH24HZ7;
				MARKETING_VERSION = 1.07;
				PRODUCT_BUNDLE_IDENTIFIER = com.mateusferreira.TendApp;
				PRODUCT_NAME = TendApp;
				SWIFT_VERSION = 5.0;
			};
			name = Release;
		};
/* End XCBuildConfiguration section */

/* Begin XCConfigurationList section */
		6E4D4DBD24997698002E980E /* Build configuration list for PBXProject "TendApp" */ = {
			isa = XCConfigurationList;
			buildConfigurations = (
				6E4D4DE42499769C002E980E /* Debug */,
				6E4D4DE52499769C002E980E /* Release */,
			);
			defaultConfigurationIsVisible = 0;
			defaultConfigurationName = Release;
		};
		6E4D4DE62499769C002E980E /* Build configuration list for PBXNativeTarget "TendApp WatchKit Extension" */ = {
			isa = XCConfigurationList;
			buildConfigurations = (
				6E4D4DE72499769C002E980E /* Debug */,
				6E4D4DE82499769C002E980E /* Release */,
			);
			defaultConfigurationIsVisible = 0;
			defaultConfigurationName = Release;
		};
		6E4D4DEA2499769C002E980E /* Build configuration list for PBXNativeTarget "TendApp WatchKit App" */ = {
			isa = XCConfigurationList;
			buildConfigurations = (
				6E4D4DEB2499769C002E980E /* Debug */,
				6E4D4DEC2499769C002E980E /* Release */,
			);
			defaultConfigurationIsVisible = 0;
			defaultConfigurationName = Release;
		};
		6E4D4DEE2499769C002E980E /* Build configuration list for PBXNativeTarget "TendApp" */ = {
			isa = XCConfigurationList;
			buildConfigurations = (
				6E4D4DEF2499769C002E980E /* Debug */,
				6E4D4DF02499769C002E980E /* Release */,
			);
			defaultConfigurationIsVisible = 0;
			defaultConfigurationName = Release;
		};
/* End XCConfigurationList section */
	};
	rootObject = 6E4D4DBA24997698002E980E /* Project object */;
}
