// !$*UTF8*$!
{
	archiveVersion = 1;
	classes = {
	};
	objectVersion = 50;
	objects = {

/* Begin PBXBuildFile section */
		6E4D4DC524997698002E980E /* TendApp WatchKit App.app in Embed Watch Content */ = {isa = PBXBuildFile; fileRef = 6E4D4DC424997698002E980E /* TendApp WatchKit App.app */; settings = {ATTRIBUTES = (RemoveHeadersOnCopy, ); }; };
		6E4D4DCB24997698002E980E /* Interface.storyboard in Resources */ = {isa = PBXBuildFile; fileRef = 6E4D4DC924997698002E980E /* Interface.storyboard */; };
		6E4D4DCD2499769A002E980E /* Assets.xcassets in Resources */ = {isa = PBXBuildFile; fileRef = 6E4D4DCC2499769A002E980E /* Assets.xcassets */; };
		6E4D4DD42499769A002E980E /* TendApp WatchKit Extension.appex in Embed App Extensions */ = {isa = PBXBuildFile; fileRef = 6E4D4DD32499769A002E980E /* TendApp WatchKit Extension.appex */; settings = {ATTRIBUTES = (RemoveHeadersOnCopy, ); }; };
		6E4D4DD92499769A002E980E /* InterfaceController.swift in Sources */ = {isa = PBXBuildFile; fileRef = 6E4D4DD82499769A002E980E /* InterfaceController.swift */; };
		6E4D4DDB2499769A002E980E /* ExtensionDelegate.swift in Sources */ = {isa = PBXBuildFile; fileRef = 6E4D4DDA2499769A002E980E /* ExtensionDelegate.swift */; };
		6E4D4DDD2499769A002E980E /* NotificationController.swift in Sources */ = {isa = PBXBuildFile; fileRef = 6E4D4DDC2499769A002E980E /* NotificationController.swift */; };
		6E4D4DDF2499769A002E980E /* ComplicationController.swift in Sources */ = {isa = PBXBuildFile; fileRef = 6E4D4DDE2499769A002E980E /* ComplicationController.swift */; };
		6E4D4DE12499769C002E980E /* Assets.xcassets in Resources */ = {isa = PBXBuildFile; fileRef = 6E4D4DE02499769C002E980E /* Assets.xcassets */; };
		6EFC0DA2249D18280045BBC0 /* Localizable.strings in Resources */ = {isa = PBXBuildFile; fileRef = 6EFC0DA4249D18280045BBC0 /* Localizable.strings */; };
		6EFC0DA9249D1D480045BBC0 /* PersistentData.swift in Sources */ = {isa = PBXBuildFile; fileRef = 6EFC0DA8249D1D480045BBC0 /* PersistentData.swift */; };
		EF5BBC40249A8F8700CC3F0C /* StretchingController.swift in Sources */ = {isa = PBXBuildFile; fileRef = EF5BBC3F249A8F8700CC3F0C /* StretchingController.swift */; };
/* End PBXBuildFile section */

/* Begin PBXContainerItemProxy section */
		6E4D4DC624997698002E980E /* PBXContainerItemProxy */ = {
			isa = PBXContainerItemProxy;
			containerPortal = 6E4D4DBA24997698002E980E /* Project object */;
			proxyType = 1;
			remoteGlobalIDString = 6E4D4DC324997698002E980E;
			remoteInfo = "TendApp WatchKit App";
		};
		6E4D4DD52499769A002E980E /* PBXContainerItemProxy */ = {
			isa = PBXContainerItemProxy;
			containerPortal = 6E4D4DBA24997698002E980E /* Project object */;
			proxyType = 1;
			remoteGlobalIDString = 6E4D4DD22499769A002E980E;
			remoteInfo = "TendApp WatchKit Extension";
		};
/* End PBXContainerItemProxy section */

/* Begin PBXCopyFilesBuildPhase section */
		6E4D4DE92499769C002E980E /* Embed App Extensions */ = {
			isa = PBXCopyFilesBuildPhase;
			buildActionMask = 2147483647;
			dstPath = "";
			dstSubfolderSpec = 13;
			files = (
				6E4D4DD42499769A002E980E /* TendApp WatchKit Extension.appex in Embed App Extensions */,
			);
			name = "Embed App Extensions";
			runOnlyForDeploymentPostprocessing = 0;
		};
		6E4D4DED2499769C002E980E /* Embed Watch Content */ = {
			isa = PBXCopyFilesBuildPhase;
			buildActionMask = 2147483647;
			dstPath = "$(CONTENTS_FOLDER_PATH)/Watch";
			dstSubfolderSpec = 16;
			files = (
				6E4D4DC524997698002E980E /* TendApp WatchKit App.app in Embed Watch Content */,
			);
			name = "Embed Watch Content";
			runOnlyForDeploymentPostprocessing = 0;
		};
/* End PBXCopyFilesBuildPhase section */

/* Begin PBXFileReference section */
		6E4D4DC024997698002E980E /* TendApp.app */ = {isa = PBXFileReference; explicitFileType = wrapper.application; includeInIndex = 0; path = TendApp.app; sourceTree = BUILT_PRODUCTS_DIR; };
		6E4D4DC424997698002E980E /* TendApp WatchKit App.app */ = {isa = PBXFileReference; explicitFileType = wrapper.application; includeInIndex = 0; path = "TendApp WatchKit App.app"; sourceTree = BUILT_PRODUCTS_DIR; };
		6E4D4DCA24997698002E980E /* Base */ = {isa = PBXFileReference; lastKnownFileType = file.storyboard; name = Base; path = Base.lproj/Interface.storyboard; sourceTree = "<group>"; };
		6E4D4DCC2499769A002E980E /* Assets.xcassets */ = {isa = PBXFileReference; lastKnownFileType = folder.assetcatalog; path = Assets.xcassets; sourceTree = "<group>"; };
		6E4D4DCE2499769A002E980E /* Info.plist */ = {isa = PBXFileReference; lastKnownFileType = text.plist.xml; path = Info.plist; sourceTree = "<group>"; };
		6E4D4DD32499769A002E980E /* TendApp WatchKit Extension.appex */ = {isa = PBXFileReference; explicitFileType = "wrapper.app-extension"; includeInIndex = 0; path = "TendApp WatchKit Extension.appex"; sourceTree = BUILT_PRODUCTS_DIR; };
		6E4D4DD82499769A002E980E /* InterfaceController.swift */ = {isa = PBXFileReference; lastKnownFileType = sourcecode.swift; path = InterfaceController.swift; sourceTree = "<group>"; };
		6E4D4DDA2499769A002E980E /* ExtensionDelegate.swift */ = {isa = PBXFileReference; lastKnownFileType = sourcecode.swift; path = ExtensionDelegate.swift; sourceTree = "<group>"; };
		6E4D4DDC2499769A002E980E /* NotificationController.swift */ = {isa = PBXFileReference; lastKnownFileType = sourcecode.swift; path = NotificationController.swift; sourceTree = "<group>"; };
		6E4D4DDE2499769A002E980E /* ComplicationController.swift */ = {isa = PBXFileReference; lastKnownFileType = sourcecode.swift; path = ComplicationController.swift; sourceTree = "<group>"; };
		6E4D4DE02499769C002E980E /* Assets.xcassets */ = {isa = PBXFileReference; lastKnownFileType = folder.assetcatalog; path = Assets.xcassets; sourceTree = "<group>"; };
		6E4D4DE22499769C002E980E /* Info.plist */ = {isa = PBXFileReference; lastKnownFileType = text.plist.xml; path = Info.plist; sourceTree = "<group>"; };
		6E4D4DE32499769C002E980E /* PushNotificationPayload.apns */ = {isa = PBXFileReference; lastKnownFileType = text; path = PushNotificationPayload.apns; sourceTree = "<group>"; };
		6EFC0D9D249D179E0045BBC0 /* pt-BR */ = {isa = PBXFileReference; lastKnownFileType = text.plist.strings; name = "pt-BR"; path = "pt-BR.lproj/Interface.strings"; sourceTree = "<group>"; };
		6EFC0D9E249D17B50045BBC0 /* es */ = {isa = PBXFileReference; lastKnownFileType = text.plist.strings; name = es; path = es.lproj/Interface.strings; sourceTree = "<group>"; };
		6EFC0DA3249D18280045BBC0 /* en */ = {isa = PBXFileReference; lastKnownFileType = text.plist.strings; name = en; path = en.lproj/Localizable.strings; sourceTree = "<group>"; };
		6EFC0DA5249D182C0045BBC0 /* pt-BR */ = {isa = PBXFileReference; lastKnownFileType = text.plist.strings; name = "pt-BR"; path = "pt-BR.lproj/Localizable.strings"; sourceTree = "<group>"; };
		6EFC0DA6249D182D0045BBC0 /* es */ = {isa = PBXFileReference; lastKnownFileType = text.plist.strings; name = es; path = es.lproj/Localizable.strings; sourceTree = "<group>"; };
		6EFC0DA8249D1D480045BBC0 /* PersistentData.swift */ = {isa = PBXFileReference; lastKnownFileType = sourcecode.swift; path = PersistentData.swift; sourceTree = "<group>"; };
		EF5BBC3F249A8F8700CC3F0C /* StretchingController.swift */ = {isa = PBXFileReference; lastKnownFileType = sourcecode.swift; path = StretchingController.swift; sourceTree = "<group>"; };
/* End PBXFileReference section */

/* Begin PBXFrameworksBuildPhase section */
		6E4D4DD02499769A002E980E /* Frameworks */ = {
			isa = PBXFrameworksBuildPhase;
			buildActionMask = 2147483647;
			files = (
			);
			runOnlyForDeploymentPostprocessing = 0;
		};
/* End PBXFrameworksBuildPhase section */

/* Begin PBXGroup section */
		6E4D4DB924997698002E980E = {
			isa = PBXGroup;
			children = (
				6E4D4DC824997698002E980E /* TendApp WatchKit App */,
				6E4D4DD72499769A002E980E /* TendApp WatchKit Extension */,
				6E4D4DC124997698002E980E /* Products */,
			);
			sourceTree = "<group>";
		};
		6E4D4DC124997698002E980E /* Products */ = {
			isa = PBXGroup;
			children = (
				6E4D4DC024997698002E980E /* TendApp.app */,
				6E4D4DC424997698002E980E /* TendApp WatchKit App.app */,
				6E4D4DD32499769A002E980E /* TendApp WatchKit Extension.appex */,
			);
			name = Products;
			sourceTree = "<group>";
		};
		6E4D4DC824997698002E980E /* TendApp WatchKit App */ = {
			isa = PBXGroup;
			children = (
				6E4D4DF62499772F002E980E /* Model */,
				6E4D4DF524997722002E980E /* View */,
				6E4D4DF1249976D3002E980E /* Controller */,
				6E4D4DCC2499769A002E980E /* Assets.xcassets */,
				6E4D4DCE2499769A002E980E /* Info.plist */,
			);
			path = "TendApp WatchKit App";
			sourceTree = "<group>";
		};
		6E4D4DD72499769A002E980E /* TendApp WatchKit Extension */ = {
			isa = PBXGroup;
			children = (
				6E4D4DE02499769C002E980E /* Assets.xcassets */,
				6E4D4DE22499769C002E980E /* Info.plist */,
				6E4D4DE32499769C002E980E /* PushNotificationPayload.apns */,
			);
			path = "TendApp WatchKit Extension";
			sourceTree = "<group>";
		};
		6E4D4DF1249976D3002E980E /* Controller */ = {
			isa = PBXGroup;
			children = (
				6E4D4DF4249976F3002E980E /* Interface */,
				6E4D4DF3249976EB002E980E /* Notification */,
				6E4D4DF2249976E6002E980E /* Complication */,
			);
			path = Controller;
			sourceTree = "<group>";
		};
		6E4D4DF2249976E6002E980E /* Complication */ = {
			isa = PBXGroup;
			children = (
				6E4D4DDE2499769A002E980E /* ComplicationController.swift */,
			);
			path = Complication;
			sourceTree = "<group>";
		};
		6E4D4DF3249976EB002E980E /* Notification */ = {
			isa = PBXGroup;
			children = (
				6E4D4DDC2499769A002E980E /* NotificationController.swift */,
			);
			path = Notification;
			sourceTree = "<group>";
		};
		6E4D4DF4249976F3002E980E /* Interface */ = {
			isa = PBXGroup;
			children = (
				6E4D4DD82499769A002E980E /* InterfaceController.swift */,
				EF5BBC3F249A8F8700CC3F0C /* StretchingController.swift */,
			);
			path = Interface;
			sourceTree = "<group>";
		};
		6E4D4DF524997722002E980E /* View */ = {
			isa = PBXGroup;
			children = (
				6E4D4DC924997698002E980E /* Interface.storyboard */,
			);
			path = View;
			sourceTree = "<group>";
		};
		6E4D4DF62499772F002E980E /* Model */ = {
			isa = PBXGroup;
			children = (
				6EFC0DA7249D1D0C0045BBC0 /* UserDefaults */,
				6EFC0D9F249D17DB0045BBC0 /* Languages */,
				6E4D4DF724997735002E980E /* Delegates */,
			);
			path = Model;
			sourceTree = "<group>";
		};
		6E4D4DF724997735002E980E /* Delegates */ = {
			isa = PBXGroup;
			children = (
				6E4D4DDA2499769A002E980E /* ExtensionDelegate.swift */,
			);
			path = Delegates;
			sourceTree = "<group>";
		};
		6EFC0D9F249D17DB0045BBC0 /* Languages */ = {
			isa = PBXGroup;
			children = (
				6EFC0DA4249D18280045BBC0 /* Localizable.strings */,
			);
			path = Languages;
			sourceTree = "<group>";
		};
		6EFC0DA7249D1D0C0045BBC0 /* UserDefaults */ = {
			isa = PBXGroup;
			children = (
				6EFC0DA8249D1D480045BBC0 /* PersistentData.swift */,
			);
			path = UserDefaults;
			sourceTree = "<group>";
		};
/* End PBXGroup section */

/* Begin PBXNativeTarget section */
		6E4D4DBF24997698002E980E /* TendApp */ = {
			isa = PBXNativeTarget;
			buildConfigurationList = 6E4D4DEE2499769C002E980E /* Build configuration list for PBXNativeTarget "TendApp" */;
			buildPhases = (
				6E4D4DBE24997698002E980E /* Resources */,
				6E4D4DED2499769C002E980E /* Embed Watch Content */,
			);
			buildRules = (
			);
			dependencies = (
				6E4D4DC724997698002E980E /* PBXTargetDependency */,
			);
			name = TendApp;
			productName = TendApp;
			productReference = 6E4D4DC024997698002E980E /* TendApp.app */;
			productType = "com.apple.product-type.application.watchapp2-container";
		};
		6E4D4DC324997698002E980E /* TendApp WatchKit App */ = {
			isa = PBXNativeTarget;
			buildConfigurationList = 6E4D4DEA2499769C002E980E /* Build configuration list for PBXNativeTarget "TendApp WatchKit App" */;
			buildPhases = (
				6E4D4DC224997698002E980E /* Resources */,
				6E4D4DE92499769C002E980E /* Embed App Extensions */,
			);
			buildRules = (
			);
			dependencies = (
				6E4D4DD62499769A002E980E /* PBXTargetDependency */,
			);
			name = "TendApp WatchKit App";
			productName = "TendApp WatchKit App";
			productReference = 6E4D4DC424997698002E980E /* TendApp WatchKit App.app */;
			productType = "com.apple.product-type.application.watchapp2";
		};
		6E4D4DD22499769A002E980E /* TendApp WatchKit Extension */ = {
			isa = PBXNativeTarget;
			buildConfigurationList = 6E4D4DE62499769C002E980E /* Build configuration list for PBXNativeTarget "TendApp WatchKit Extension" */;
			buildPhases = (
				6E4D4DCF2499769A002E980E /* Sources */,
				6E4D4DD02499769A002E980E /* Frameworks */,
				6E4D4DD12499769A002E980E /* Resources */,
			);
			buildRules = (
			);
			dependencies = (
			);
			name = "TendApp WatchKit Extension";
			productName = "TendApp WatchKit Extension";
			productReference = 6E4D4DD32499769A002E980E /* TendApp WatchKit Extension.appex */;
			productType = "com.apple.product-type.watchkit2-extension";
		};
/* End PBXNativeTarget section */

/* Begin PBXProject section */
		6E4D4DBA24997698002E980E /* Project object */ = {
			isa = PBXProject;
			attributes = {
				LastSwiftUpdateCheck = 1150;
				LastUpgradeCheck = 1150;
				ORGANIZATIONNAME = "Mateus Augusto M Ferreira";
				TargetAttributes = {
					6E4D4DBF24997698002E980E = {
						CreatedOnToolsVersion = 11.5;
					};
					6E4D4DC324997698002E980E = {
						CreatedOnToolsVersion = 11.5;
					};
					6E4D4DD22499769A002E980E = {
						CreatedOnToolsVersion = 11.5;
					};
				};
			};
			buildConfigurationList = 6E4D4DBD24997698002E980E /* Build configuration list for PBXProject "TendApp" */;
			compatibilityVersion = "Xcode 9.3";
			developmentRegion = en;
			hasScannedForEncodings = 0;
			knownRegions = (
				en,
				Base,
				"pt-BR",
				es,
			);
			mainGroup = 6E4D4DB924997698002E980E;
			productRefGroup = 6E4D4DC124997698002E980E /* Products */;
			projectDirPath = "";
			projectRoot = "";
			targets = (
				6E4D4DBF24997698002E980E /* TendApp */,
				6E4D4DC324997698002E980E /* TendApp WatchKit App */,
				6E4D4DD22499769A002E980E /* TendApp WatchKit Extension */,
			);
		};
/* End PBXProject section */

/* Begin PBXResourcesBuildPhase section */
		6E4D4DBE24997698002E980E /* Resources */ = {
			isa = PBXResourcesBuildPhase;
			buildActionMask = 2147483647;
			files = (
			);
			runOnlyForDeploymentPostprocessing = 0;
		};
		6E4D4DC224997698002E980E /* Resources */ = {
			isa = PBXResourcesBuildPhase;
			buildActionMask = 2147483647;
			files = (
				6E4D4DCD2499769A002E980E /* Assets.xcassets in Resources */,
				6EFC0DA2249D18280045BBC0 /* Localizable.strings in Resources */,
				6E4D4DCB24997698002E980E /* Interface.storyboard in Resources */,
			);
			runOnlyForDeploymentPostprocessing = 0;
		};
		6E4D4DD12499769A002E980E /* Resources */ = {
			isa = PBXResourcesBuildPhase;
			buildActionMask = 2147483647;
			files = (
				6E4D4DE12499769C002E980E /* Assets.xcassets in Resources */,
			);
			runOnlyForDeploymentPostprocessing = 0;
		};
/* End PBXResourcesBuildPhase section */

/* Begin PBXSourcesBuildPhase section */
		6E4D4DCF2499769A002E980E /* Sources */ = {
			isa = PBXSourcesBuildPhase;
			buildActionMask = 2147483647;
			files = (
				6EFC0DA9249D1D480045BBC0 /* PersistentData.swift in Sources */,
				6E4D4DDD2499769A002E980E /* NotificationController.swift in Sources */,
				EF5BBC40249A8F8700CC3F0C /* StretchingController.swift in Sources */,
				6E4D4DDF2499769A002E980E /* ComplicationController.swift in Sources */,
				6E4D4DDB2499769A002E980E /* ExtensionDelegate.swift in Sources */,
				6E4D4DD92499769A002E980E /* InterfaceController.swift in Sources */,
			);
			runOnlyForDeploymentPostprocessing = 0;
		};
/* End PBXSourcesBuildPhase section */

/* Begin PBXTargetDependency section */
		6E4D4DC724997698002E980E /* PBXTargetDependency */ = {
			isa = PBXTargetDependency;
			target = 6E4D4DC324997698002E980E /* TendApp WatchKit App */;
			targetProxy = 6E4D4DC624997698002E980E /* PBXContainerItemProxy */;
		};
		6E4D4DD62499769A002E980E /* PBXTargetDependency */ = {
			isa = PBXTargetDependency;
			target = 6E4D4DD22499769A002E980E /* TendApp WatchKit Extension */;
			targetProxy = 6E4D4DD52499769A002E980E /* PBXContainerItemProxy */;
		};
/* End PBXTargetDependency section */

/* Begin PBXVariantGroup section */
		6E4D4DC924997698002E980E /* Interface.storyboard */ = {
			isa = PBXVariantGroup;
			children = (
				6E4D4DCA24997698002E980E /* Base */,
				6EFC0D9D249D179E0045BBC0 /* pt-BR */,
				6EFC0D9E249D17B50045BBC0 /* es */,
			);
			name = Interface.storyboard;
			sourceTree = "<group>";
		};
		6EFC0DA4249D18280045BBC0 /* Localizable.strings */ = {
			isa = PBXVariantGroup;
			children = (
				6EFC0DA3249D18280045BBC0 /* en */,
				6EFC0DA5249D182C0045BBC0 /* pt-BR */,
				6EFC0DA6249D182D0045BBC0 /* es */,
			);
			name = Localizable.strings;
			sourceTree = "<group>";
		};
/* End PBXVariantGroup section */

/* Begin XCBuildConfiguration section */
		6E4D4DE42499769C002E980E /* Debug */ = {
			isa = XCBuildConfiguration;
			buildSettings = {
				ALWAYS_SEARCH_USER_PATHS = NO;
				CLANG_ANALYZER_LOCALIZABILITY_NONLOCALIZED = YES;
				CLANG_ANALYZER_NONNULL = YES;
				CLANG_ANALYZER_NUMBER_OBJECT_CONVERSION = YES_AGGRESSIVE;
				CLANG_CXX_LANGUAGE_STANDARD = "gnu++14";
				CLANG_CXX_LIBRARY = "libc++";
				CLANG_ENABLE_MODULES = YES;
				CLANG_ENABLE_OBJC_ARC = YES;
				CLANG_ENABLE_OBJC_WEAK = YES;
				CLANG_WARN_BLOCK_CAPTURE_AUTORELEASING = YES;
				CLANG_WARN_BOOL_CONVERSION = YES;
				CLANG_WARN_COMMA = YES;
				CLANG_WARN_CONSTANT_CONVERSION = YES;
				CLANG_WARN_DEPRECATED_OBJC_IMPLEMENTATIONS = YES;
				CLANG_WARN_DIRECT_OBJC_ISA_USAGE = YES_ERROR;
				CLANG_WARN_DOCUMENTATION_COMMENTS = YES;
				CLANG_WARN_EMPTY_BODY = YES;
				CLANG_WARN_ENUM_CONVERSION = YES;
				CLANG_WARN_INFINITE_RECURSION = YES;
				CLANG_WARN_INT_CONVERSION = YES;
				CLANG_WARN_NON_LITERAL_NULL_CONVERSION = YES;
				CLANG_WARN_OBJC_IMPLICIT_RETAIN_SELF = YES;
				CLANG_WARN_OBJC_LITERAL_CONVERSION = YES;
				CLANG_WARN_OBJC_ROOT_CLASS = YES_ERROR;
				CLANG_WARN_RANGE_LOOP_ANALYSIS = YES;
				CLANG_WARN_STRICT_PROTOTYPES = YES;
				CLANG_WARN_SUSPICIOUS_MOVE = YES;
				CLANG_WARN_UNGUARDED_AVAILABILITY = YES_AGGRESSIVE;
				CLANG_WARN_UNREACHABLE_CODE = YES;
				CLANG_WARN__DUPLICATE_METHOD_MATCH = YES;
				COPY_PHASE_STRIP = NO;
				DEBUG_INFORMATION_FORMAT = dwarf;
				ENABLE_STRICT_OBJC_MSGSEND = YES;
				ENABLE_TESTABILITY = YES;
				GCC_C_LANGUAGE_STANDARD = gnu11;
				GCC_DYNAMIC_NO_PIC = NO;
				GCC_NO_COMMON_BLOCKS = YES;
				GCC_OPTIMIZATION_LEVEL = 0;
				GCC_PREPROCESSOR_DEFINITIONS = (
					"DEBUG=1",
					"$(inherited)",
				);
				GCC_WARN_64_TO_32_BIT_CONVERSION = YES;
				GCC_WARN_ABOUT_RETURN_TYPE = YES_ERROR;
				GCC_WARN_UNDECLARED_SELECTOR = YES;
				GCC_WARN_UNINITIALIZED_AUTOS = YES_AGGRESSIVE;
				GCC_WARN_UNUSED_FUNCTION = YES;
				GCC_WARN_UNUSED_VARIABLE = YES;
				MTL_ENABLE_DEBUG_INFO = INCLUDE_SOURCE;
				MTL_FAST_MATH = YES;
				ONLY_ACTIVE_ARCH = YES;
				SDKROOT = iphoneos;
				SWIFT_ACTIVE_COMPILATION_CONDITIONS = DEBUG;
				SWIFT_OPTIMIZATION_LEVEL = "-Onone";
			};
			name = Debug;
		};
		6E4D4DE52499769C002E980E /* Release */ = {
			isa = XCBuildConfiguration;
			buildSettings = {
				ALWAYS_SEARCH_USER_PATHS = NO;
				CLANG_ANALYZER_LOCALIZABILITY_NONLOCALIZED = YES;
				CLANG_ANALYZER_NONNULL = YES;
				CLANG_ANALYZER_NUMBER_OBJECT_CONVERSION = YES_AGGRESSIVE;
				CLANG_CXX_LANGUAGE_STANDARD = "gnu++14";
				CLANG_CXX_LIBRARY = "libc++";
				CLANG_ENABLE_MODULES = YES;
				CLANG_ENABLE_OBJC_ARC = YES;
				CLANG_ENABLE_OBJC_WEAK = YES;
				CLANG_WARN_BLOCK_CAPTURE_AUTORELEASING = YES;
				CLANG_WARN_BOOL_CONVERSION = YES;
				CLANG_WARN_COMMA = YES;
				CLANG_WARN_CONSTANT_CONVERSION = YES;
				CLANG_WARN_DEPRECATED_OBJC_IMPLEMENTATIONS = YES;
				CLANG_WARN_DIRECT_OBJC_ISA_USAGE = YES_ERROR;
				CLANG_WARN_DOCUMENTATION_COMMENTS = YES;
				CLANG_WARN_EMPTY_BODY = YES;
				CLANG_WARN_ENUM_CONVERSION = YES;
				CLANG_WARN_INFINITE_RECURSION = YES;
				CLANG_WARN_INT_CONVERSION = YES;
				CLANG_WARN_NON_LITERAL_NULL_CONVERSION = YES;
				CLANG_WARN_OBJC_IMPLICIT_RETAIN_SELF = YES;
				CLANG_WARN_OBJC_LITERAL_CONVERSION = YES;
				CLANG_WARN_OBJC_ROOT_CLASS = YES_ERROR;
				CLANG_WARN_RANGE_LOOP_ANALYSIS = YES;
				CLANG_WARN_STRICT_PROTOTYPES = YES;
				CLANG_WARN_SUSPICIOUS_MOVE = YES;
				CLANG_WARN_UNGUARDED_AVAILABILITY = YES_AGGRESSIVE;
				CLANG_WARN_UNREACHABLE_CODE = YES;
				CLANG_WARN__DUPLICATE_METHOD_MATCH = YES;
				COPY_PHASE_STRIP = NO;
				DEBUG_INFORMATION_FORMAT = "dwarf-with-dsym";
				ENABLE_NS_ASSERTIONS = NO;
				ENABLE_STRICT_OBJC_MSGSEND = YES;
				GCC_C_LANGUAGE_STANDARD = gnu11;
				GCC_NO_COMMON_BLOCKS = YES;
				GCC_WARN_64_TO_32_BIT_CONVERSION = YES;
				GCC_WARN_ABOUT_RETURN_TYPE = YES_ERROR;
				GCC_WARN_UNDECLARED_SELECTOR = YES;
				GCC_WARN_UNINITIALIZED_AUTOS = YES_AGGRESSIVE;
				GCC_WARN_UNUSED_FUNCTION = YES;
				GCC_WARN_UNUSED_VARIABLE = YES;
				MTL_ENABLE_DEBUG_INFO = NO;
				MTL_FAST_MATH = YES;
				SDKROOT = iphoneos;
				SWIFT_COMPILATION_MODE = wholemodule;
				SWIFT_OPTIMIZATION_LEVEL = "-O";
				VALIDATE_PRODUCT = YES;
			};
			name = Release;
		};
		6E4D4DE72499769C002E980E /* Debug */ = {
			isa = XCBuildConfiguration;
			buildSettings = {
				ASSETCATALOG_COMPILER_COMPLICATION_NAME = Complication;
				CODE_SIGN_STYLE = Automatic;
				DEVELOPMENT_TEAM = 4T6N4R5QKK;
				INFOPLIST_FILE = "TendApp WatchKit Extension/Info.plist";
				LD_RUNPATH_SEARCH_PATHS = (
					"$(inherited)",
					"@executable_path/Frameworks",
					"@executable_path/../../Frameworks",
				);
				PRODUCT_BUNDLE_IDENTIFIER = com.mateusferreira.TendApp.watchkitapp.watchkitextension;
				PRODUCT_NAME = "${TARGET_NAME}";
				SDKROOT = watchos;
				SKIP_INSTALL = YES;
				SWIFT_VERSION = 5.0;
				TARGETED_DEVICE_FAMILY = 4;
				WATCHOS_DEPLOYMENT_TARGET = 6.2;
			};
			name = Debug;
		};
		6E4D4DE82499769C002E980E /* Release */ = {
			isa = XCBuildConfiguration;
			buildSettings = {
				ASSETCATALOG_COMPILER_COMPLICATION_NAME = Complication;
				CODE_SIGN_STYLE = Automatic;
				DEVELOPMENT_TEAM = 4T6N4R5QKK;
				INFOPLIST_FILE = "TendApp WatchKit Extension/Info.plist";
				LD_RUNPATH_SEARCH_PATHS = (
					"$(inherited)",
					"@executable_path/Frameworks",
					"@executable_path/../../Frameworks",
				);
				PRODUCT_BUNDLE_IDENTIFIER = com.mateusferreira.TendApp.watchkitapp.watchkitextension;
				PRODUCT_NAME = "${TARGET_NAME}";
				SDKROOT = watchos;
				SKIP_INSTALL = YES;
				SWIFT_VERSION = 5.0;
				TARGETED_DEVICE_FAMILY = 4;
				WATCHOS_DEPLOYMENT_TARGET = 6.2;
			};
			name = Release;
		};
		6E4D4DEB2499769C002E980E /* Debug */ = {
			isa = XCBuildConfiguration;
			buildSettings = {
				ALWAYS_EMBED_SWIFT_STANDARD_LIBRARIES = YES;
				ASSETCATALOG_COMPILER_APPICON_NAME = AppIcon;
				CODE_SIGN_STYLE = Automatic;
				DEVELOPMENT_TEAM = 4T6N4R5QKK;
				IBSC_MODULE = TendApp_WatchKit_Extension;
				INFOPLIST_FILE = "TendApp WatchKit App/Info.plist";
				PRODUCT_BUNDLE_IDENTIFIER = com.mateusferreira.TendApp.watchkitapp;
				PRODUCT_NAME = "$(TARGET_NAME)";
				SDKROOT = watchos;
				SKIP_INSTALL = YES;
				SWIFT_VERSION = 5.0;
				TARGETED_DEVICE_FAMILY = 4;
				WATCHOS_DEPLOYMENT_TARGET = 6.2;
			};
			name = Debug;
		};
		6E4D4DEC2499769C002E980E /* Release */ = {
			isa = XCBuildConfiguration;
			buildSettings = {
				ALWAYS_EMBED_SWIFT_STANDARD_LIBRARIES = YES;
				ASSETCATALOG_COMPILER_APPICON_NAME = AppIcon;
				CODE_SIGN_STYLE = Automatic;
				DEVELOPMENT_TEAM = 4T6N4R5QKK;
				IBSC_MODULE = TendApp_WatchKit_Extension;
				INFOPLIST_FILE = "TendApp WatchKit App/Info.plist";
				PRODUCT_BUNDLE_IDENTIFIER = com.mateusferreira.TendApp.watchkitapp;
				PRODUCT_NAME = "$(TARGET_NAME)";
				SDKROOT = watchos;
				SKIP_INSTALL = YES;
				SWIFT_VERSION = 5.0;
				TARGETED_DEVICE_FAMILY = 4;
				WATCHOS_DEPLOYMENT_TARGET = 6.2;
			};
			name = Release;
		};
		6E4D4DEF2499769C002E980E /* Debug */ = {
			isa = XCBuildConfiguration;
			buildSettings = {
				CODE_SIGN_STYLE = Automatic;
				CURRENT_PROJECT_VERSION = 1;
				DEVELOPMENT_TEAM = 4T6N4R5QKK;
				MARKETING_VERSION = 1.0;
				PRODUCT_BUNDLE_IDENTIFIER = com.mateusferreira.TendApp;
				PRODUCT_NAME = "$(TARGET_NAME)";
				SWIFT_VERSION = 5.0;
			};
			name = Debug;
		};
		6E4D4DF02499769C002E980E /* Release */ = {
			isa = XCBuildConfiguration;
			buildSettings = {
				CODE_SIGN_STYLE = Automatic;
				CURRENT_PROJECT_VERSION = 1;
				DEVELOPMENT_TEAM = 4T6N4R5QKK;
				MARKETING_VERSION = 1.0;
				PRODUCT_BUNDLE_IDENTIFIER = com.mateusferreira.TendApp;
				PRODUCT_NAME = "$(TARGET_NAME)";
				SWIFT_VERSION = 5.0;
			};
			name = Release;
		};
/* End XCBuildConfiguration section */

/* Begin XCConfigurationList section */
		6E4D4DBD24997698002E980E /* Build configuration list for PBXProject "TendApp" */ = {
			isa = XCConfigurationList;
			buildConfigurations = (
				6E4D4DE42499769C002E980E /* Debug */,
				6E4D4DE52499769C002E980E /* Release */,
			);
			defaultConfigurationIsVisible = 0;
			defaultConfigurationName = Release;
		};
		6E4D4DE62499769C002E980E /* Build configuration list for PBXNativeTarget "TendApp WatchKit Extension" */ = {
			isa = XCConfigurationList;
			buildConfigurations = (
				6E4D4DE72499769C002E980E /* Debug */,
				6E4D4DE82499769C002E980E /* Release */,
			);
			defaultConfigurationIsVisible = 0;
			defaultConfigurationName = Release;
		};
		6E4D4DEA2499769C002E980E /* Build configuration list for PBXNativeTarget "TendApp WatchKit App" */ = {
			isa = XCConfigurationList;
			buildConfigurations = (
				6E4D4DEB2499769C002E980E /* Debug */,
				6E4D4DEC2499769C002E980E /* Release */,
			);
			defaultConfigurationIsVisible = 0;
			defaultConfigurationName = Release;
		};
		6E4D4DEE2499769C002E980E /* Build configuration list for PBXNativeTarget "TendApp" */ = {
			isa = XCConfigurationList;
			buildConfigurations = (
				6E4D4DEF2499769C002E980E /* Debug */,
				6E4D4DF02499769C002E980E /* Release */,
			);
			defaultConfigurationIsVisible = 0;
			defaultConfigurationName = Release;
		};
/* End XCConfigurationList section */
	};
	rootObject = 6E4D4DBA24997698002E980E /* Project object */;
}
